{
  "version": 4,
  "terraform_version": "1.4.6",
  "serial": 209,
  "lineage": "55e911cb-ea69-f3cd-b621-b571b3ff1f43",
  "outputs": {
    "eventbridge_bus_arn": {
      "value": "",
      "type": "string"
    },
    "eventbridge_rule_arns": {
      "value": {
        "request_to_process_pattern": "arn:aws:events:eu-west-1:425373594208:rule/request_to_process_pattern",
        "response_pattern": "arn:aws:events:eu-west-1:425373594208:rule/response_pattern"
      },
      "type": [
        "object",
        {
          "request_to_process_pattern": "string",
          "response_pattern": "string"
        }
      ]
    },
    "eventbridge_rule_ids": {
      "value": {
        "request_to_process_pattern": "request_to_process_pattern",
        "response_pattern": "response_pattern"
      },
      "type": [
        "object",
        {
          "request_to_process_pattern": "string",
          "response_pattern": "string"
        }
      ]
    }
  },
  "resources": [
    {
      "mode": "data",
      "type": "aws_caller_identity",
      "name": "current",
      "provider": "provider[\"registry.terraform.io/hashicorp/aws\"]",
      "instances": [
        {
          "schema_version": 0,
          "attributes": {
            "account_id": "425373594208",
            "arn": "arn:aws:iam::425373594208:user/oleksandr.parkhomenko.1",
            "id": "425373594208",
            "user_id": "AIDAWGCR56JQL7Q3BCWN3"
          },
          "sensitive_attributes": []
        }
      ]
    },
    {
      "mode": "managed",
      "type": "aws_cloudwatch_log_group",
      "name": "this",
      "provider": "provider[\"registry.terraform.io/hashicorp/aws\"]",
      "instances": [
        {
          "schema_version": 0,
          "attributes": {
            "arn": "arn:aws:logs:eu-west-1:425373594208:log-group:/aws/events/united-skink",
            "id": "/aws/events/united-skink",
            "kms_key_id": "",
            "name": "/aws/events/united-skink",
            "name_prefix": "",
            "retention_in_days": 0,
            "skip_destroy": false,
            "tags": {
              "Name": "united-skink-log-group"
            },
            "tags_all": {
              "Name": "united-skink-log-group"
            }
          },
          "sensitive_attributes": [],
          "private": "bnVsbA==",
          "dependencies": [
            "random_pet.this"
          ]
        }
      ]
    },
    {
      "mode": "managed",
      "type": "random_pet",
      "name": "this",
      "provider": "provider[\"registry.terraform.io/hashicorp/random\"]",
      "instances": [
        {
          "schema_version": 0,
          "attributes": {
            "id": "united-skink",
            "keepers": null,
            "length": 2,
            "prefix": null,
            "separator": "-"
          },
          "sensitive_attributes": []
        }
      ]
    },
    {
      "module": "module.eventbridge",
      "mode": "data",
      "type": "aws_cloudwatch_event_bus",
      "name": "this",
      "provider": "provider[\"registry.terraform.io/hashicorp/aws\"]",
      "instances": [
        {
          "index_key": 0,
          "schema_version": 0,
          "attributes": {
            "arn": "arn:aws:events:eu-west-1:425373594208:event-bus/default",
            "id": "default",
            "name": "default"
          },
          "sensitive_attributes": []
        }
      ]
    },
    {
      "module": "module.eventbridge",
      "mode": "data",
      "type": "aws_iam_policy",
      "name": "tracing",
      "provider": "provider[\"registry.terraform.io/hashicorp/aws\"]",
      "instances": [
        {
          "index_key": 0,
          "schema_version": 0,
          "attributes": {
            "arn": "arn:aws:iam::aws:policy/AWSXrayWriteOnlyAccess",
            "description": "AWS X-Ray write only managed policy",
            "id": "arn:aws:iam::aws:policy/AWSXrayWriteOnlyAccess",
            "name": "AWSXrayWriteOnlyAccess",
            "path": "/",
            "path_prefix": null,
            "policy": "{\n    \"Version\": \"2012-10-17\",\n    \"Statement\": [\n        {\n            \"Effect\": \"Allow\",\n            \"Action\": [\n                \"xray:PutTraceSegments\",\n                \"xray:PutTelemetryRecords\",\n                \"xray:GetSamplingRules\",\n                \"xray:GetSamplingTargets\",\n                \"xray:GetSamplingStatisticSummaries\"               \n            ],\n            \"Resource\": [\n                \"*\"\n            ]\n        }\n    ]\n}",
            "policy_id": "ANPAIAACM4LMYSRGBCTM6",
            "tags": {}
          },
          "sensitive_attributes": []
        }
      ]
    },
    {
      "module": "module.eventbridge",
      "mode": "data",
      "type": "aws_iam_policy_document",
      "name": "additional_inline",
      "provider": "provider[\"registry.terraform.io/hashicorp/aws\"]",
      "instances": [
        {
          "index_key": 0,
          "schema_version": 0,
          "attributes": {
            "id": "1963251523",
            "json": "{\n  \"Version\": \"2012-10-17\",\n  \"Statement\": [\n    {\n      \"Sid\": \"s3read\",\n      \"Effect\": \"Deny\",\n      \"Action\": [\n        \"s3:HeadObject\",\n        \"s3:GetObject\"\n      ],\n      \"Resource\": \"arn:aws:s3:::my-bucket/*\",\n      \"Condition\": {\n        \"StringEquals\": {\n          \"aws:PrincipalOrgID\": \"123456789012\"\n        }\n      }\n    }\n  ]\n}",
            "override_policy_documents": null,
            "policy_id": null,
            "source_policy_documents": null,
            "statement": [
              {
                "actions": [
                  "s3:GetObject",
                  "s3:HeadObject"
                ],
                "condition": [
                  {
                    "test": "StringEquals",
                    "values": [
                      "123456789012"
                    ],
                    "variable": "aws:PrincipalOrgID"
                  }
                ],
                "effect": "Deny",
                "not_actions": [],
                "not_principals": [],
                "not_resources": [],
                "principals": [],
                "resources": [
                  "arn:aws:s3:::my-bucket/*"
                ],
                "sid": "s3read"
              }
            ],
            "version": "2012-10-17"
          },
          "sensitive_attributes": []
        }
      ]
    },
    {
      "module": "module.eventbridge",
      "mode": "data",
      "type": "aws_iam_policy_document",
      "name": "assume_role",
      "provider": "provider[\"registry.terraform.io/hashicorp/aws\"]",
      "instances": [
        {
          "index_key": 0,
          "schema_version": 0,
          "attributes": {
            "id": "3959961479",
            "json": "{\n  \"Version\": \"2012-10-17\",\n  \"Statement\": [\n    {\n      \"Effect\": \"Allow\",\n      \"Action\": \"sts:AssumeRole\",\n      \"Principal\": {\n        \"Service\": \"events.amazonaws.com\"\n      }\n    }\n  ]\n}",
            "override_policy_documents": null,
            "policy_id": null,
            "source_policy_documents": null,
            "statement": [
              {
                "actions": [
                  "sts:AssumeRole"
                ],
                "condition": [],
                "effect": "Allow",
                "not_actions": [],
                "not_principals": [],
                "not_resources": [],
                "principals": [
                  {
                    "identifiers": [
                      "events.amazonaws.com"
                    ],
                    "type": "Service"
                  }
                ],
                "resources": [],
                "sid": ""
              }
            ],
            "version": "2012-10-17"
          },
          "sensitive_attributes": []
        }
      ]
    },
    {
      "module": "module.eventbridge",
      "mode": "data",
      "type": "aws_iam_policy_document",
      "name": "cloudwatch",
      "provider": "provider[\"registry.terraform.io/hashicorp/aws\"]",
      "instances": [
        {
          "index_key": 0,
          "schema_version": 0,
          "attributes": {
            "id": "3834288506",
            "json": "{\n  \"Version\": \"2012-10-17\",\n  \"Statement\": [\n    {\n      \"Sid\": \"CloudwatchAccess\",\n      \"Effect\": \"Allow\",\n      \"Action\": [\n        \"logs:PutLogEvents\",\n        \"logs:DescribeLogStreams\",\n        \"logs:DescribeLogGroups\"\n      ],\n      \"Resource\": \"arn:aws:logs:eu-west-1:425373594208:log-group:/aws/events/united-skink\"\n    }\n  ]\n}",
            "override_policy_documents": null,
            "policy_id": null,
            "source_policy_documents": null,
            "statement": [
              {
                "actions": [
                  "logs:DescribeLogGroups",
                  "logs:DescribeLogStreams",
                  "logs:PutLogEvents"
                ],
                "condition": [],
                "effect": "Allow",
                "not_actions": [],
                "not_principals": [],
                "not_resources": [],
                "principals": [],
                "resources": [
                  "arn:aws:logs:eu-west-1:425373594208:log-group:/aws/events/united-skink"
                ],
                "sid": "CloudwatchAccess"
              }
            ],
            "version": "2012-10-17"
          },
          "sensitive_attributes": []
        }
      ]
    },
    {
      "module": "module.eventbridge",
      "mode": "data",
      "type": "aws_iam_policy_document",
      "name": "sfn",
      "provider": "provider[\"registry.terraform.io/hashicorp/aws\"]",
      "instances": [
        {
          "index_key": 0,
          "schema_version": 0,
          "attributes": {
            "id": "1854260033",
            "json": "{\n  \"Version\": \"2012-10-17\",\n  \"Statement\": [\n    {\n      \"Sid\": \"StepFunctionAccess\",\n      \"Effect\": \"Allow\",\n      \"Action\": \"states:StartExecution\",\n      \"Resource\": \"arn:aws:states:eu-west-1:425373594208:stateMachine:processor\"\n    }\n  ]\n}",
            "override_policy_documents": null,
            "policy_id": null,
            "source_policy_documents": null,
            "statement": [
              {
                "actions": [
                  "states:StartExecution"
                ],
                "condition": [],
                "effect": "Allow",
                "not_actions": [],
                "not_principals": [],
                "not_resources": [],
                "principals": [],
                "resources": [
                  "arn:aws:states:eu-west-1:425373594208:stateMachine:processor"
                ],
                "sid": "StepFunctionAccess"
              }
            ],
            "version": "2012-10-17"
          },
          "sensitive_attributes": []
        }
      ]
    },
    {
      "module": "module.eventbridge",
      "mode": "managed",
      "type": "aws_cloudwatch_event_bus",
      "name": "this",
      "provider": "provider[\"registry.terraform.io/hashicorp/aws\"]",
      "instances": []
    },
    {
      "module": "module.eventbridge",
      "mode": "managed",
      "type": "aws_cloudwatch_event_rule",
      "name": "this",
      "provider": "provider[\"registry.terraform.io/hashicorp/aws\"]",
      "instances": [
        {
          "index_key": "request_to_process_pattern",
          "schema_version": 0,
          "attributes": {
            "arn": "arn:aws:events:eu-west-1:425373594208:rule/request_to_process_pattern",
            "description": "Capture event generated by request lambda",
            "event_bus_name": "default",
            "event_pattern": "{\"detail-type\":[\"request_to_process\"],\"source\":[\"user-event\"]}",
            "id": "request_to_process_pattern",
            "is_enabled": true,
            "name": "request_to_process_pattern",
            "name_prefix": "",
            "role_arn": "",
            "schedule_expression": "",
            "tags": {
              "Name": "request_to_process_pattern"
            },
            "tags_all": {
              "Name": "request_to_process_pattern"
            }
          },
          "sensitive_attributes": [],
          "private": "bnVsbA==",
          "dependencies": [
            "module.eventbridge.aws_cloudwatch_event_bus.this",
            "module.eventbridge.aws_iam_role.eventbridge",
            "module.eventbridge.data.aws_iam_policy_document.assume_role"
          ]
        },
        {
          "index_key": "response_pattern",
          "schema_version": 0,
          "attributes": {
            "arn": "arn:aws:events:eu-west-1:425373594208:rule/response_pattern",
            "description": "Capture event generated by SF processing",
            "event_bus_name": "default",
            "event_pattern": "{\"detail-type\":[\"response_to_return\"],\"source\":[\"user-event\"]}",
            "id": "response_pattern",
            "is_enabled": true,
            "name": "response_pattern",
            "name_prefix": "",
            "role_arn": "",
            "schedule_expression": "",
            "tags": {
              "Name": "response_pattern"
            },
            "tags_all": {
              "Name": "response_pattern"
            }
          },
          "sensitive_attributes": [],
          "private": "bnVsbA==",
          "dependencies": [
            "module.eventbridge.aws_cloudwatch_event_bus.this",
            "module.eventbridge.aws_iam_role.eventbridge",
            "module.eventbridge.data.aws_iam_policy_document.assume_role"
          ]
        }
      ]
    },
    {
      "module": "module.eventbridge",
      "mode": "managed",
      "type": "aws_cloudwatch_event_target",
      "name": "this",
      "provider": "provider[\"registry.terraform.io/hashicorp/aws\"]",
      "instances": [
        {
          "index_key": "log-request-to-cloudwatch",
          "schema_version": 1,
          "attributes": {
            "arn": "arn:aws:logs:eu-west-1:425373594208:log-group:/aws/events/united-skink",
            "batch_target": [],
            "dead_letter_config": [],
            "ecs_target": [],
            "event_bus_name": "default",
            "http_target": [],
            "id": "request_to_process_pattern-terraform-20230622124254477400000003",
            "input": "",
            "input_path": "",
            "input_transformer": [],
            "kinesis_target": [],
            "redshift_target": [],
            "retry_policy": [],
            "role_arn": "",
            "rule": "request_to_process_pattern",
            "run_command_targets": [],
            "sqs_target": [],
            "target_id": "terraform-20230622124254477400000003"
          },
          "sensitive_attributes": [],
          "private": "eyJzY2hlbWFfdmVyc2lvbiI6IjEifQ==",
          "dependencies": [
            "aws_cloudwatch_log_group.this",
            "data.aws_caller_identity.current",
            "module.eventbridge.aws_cloudwatch_event_api_destination.this",
            "module.eventbridge.aws_cloudwatch_event_bus.this",
            "module.eventbridge.aws_cloudwatch_event_connection.this",
            "module.eventbridge.aws_cloudwatch_event_rule.this",
            "module.eventbridge.aws_iam_role.eventbridge",
            "module.eventbridge.data.aws_iam_policy_document.assume_role",
            "module.lambda_function_response.aws_cloudwatch_log_group.lambda",
            "module.lambda_function_response.aws_iam_policy.additional_inline",
            "module.lambda_function_response.aws_iam_policy.additional_json",
            "module.lambda_function_response.aws_iam_policy.additional_jsons",
            "module.lambda_function_response.aws_iam_policy.async",
            "module.lambda_function_response.aws_iam_policy.dead_letter",
            "module.lambda_function_response.aws_iam_policy.logs",
            "module.lambda_function_response.aws_iam_policy.tracing",
            "module.lambda_function_response.aws_iam_policy.vpc",
            "module.lambda_function_response.aws_iam_role.lambda",
            "module.lambda_function_response.aws_iam_role_policy_attachment.additional_inline",
            "module.lambda_function_response.aws_iam_role_policy_attachment.additional_json",
            "module.lambda_function_response.aws_iam_role_policy_attachment.additional_jsons",
            "module.lambda_function_response.aws_iam_role_policy_attachment.additional_many",
            "module.lambda_function_response.aws_iam_role_policy_attachment.additional_one",
            "module.lambda_function_response.aws_iam_role_policy_attachment.async",
            "module.lambda_function_response.aws_iam_role_policy_attachment.dead_letter",
            "module.lambda_function_response.aws_iam_role_policy_attachment.logs",
            "module.lambda_function_response.aws_iam_role_policy_attachment.tracing",
            "module.lambda_function_response.aws_iam_role_policy_attachment.vpc",
            "module.lambda_function_response.aws_lambda_function.this",
            "module.lambda_function_response.aws_s3_object.lambda_package",
            "module.lambda_function_response.data.aws_arn.log_group_arn",
            "module.lambda_function_response.data.aws_cloudwatch_log_group.lambda",
            "module.lambda_function_response.data.aws_iam_policy.tracing",
            "module.lambda_function_response.data.aws_iam_policy.vpc",
            "module.lambda_function_response.data.aws_iam_policy_document.additional_inline",
            "module.lambda_function_response.data.aws_iam_policy_document.assume_role",
            "module.lambda_function_response.data.aws_iam_policy_document.async",
            "module.lambda_function_response.data.aws_iam_policy_document.dead_letter",
            "module.lambda_function_response.data.aws_iam_policy_document.logs",
            "module.lambda_function_response.data.aws_partition.current",
            "module.lambda_function_response.data.external.archive_prepare",
            "module.lambda_function_response.local_file.archive_plan",
            "module.lambda_function_response.null_resource.archive",
            "module.step_function.aws_cloudwatch_log_group.sfn",
            "module.step_function.aws_iam_role.this",
            "module.step_function.aws_sfn_state_machine.this",
            "module.step_function.data.aws_cloudwatch_log_group.sfn",
            "module.step_function.data.aws_iam_policy_document.assume_role",
            "module.step_function.data.aws_region.current",
            "random_pet.this"
          ]
        },
        {
          "index_key": "log-response-to-cloudwatch",
          "schema_version": 1,
          "attributes": {
            "arn": "arn:aws:logs:eu-west-1:425373594208:log-group:/aws/events/united-skink",
            "batch_target": [],
            "dead_letter_config": [],
            "ecs_target": [],
            "event_bus_name": "default",
            "http_target": [],
            "id": "response_pattern-terraform-20230622124254477200000001",
            "input": "",
            "input_path": "",
            "input_transformer": [],
            "kinesis_target": [],
            "redshift_target": [],
            "retry_policy": [],
            "role_arn": "",
            "rule": "response_pattern",
            "run_command_targets": [],
            "sqs_target": [],
            "target_id": "terraform-20230622124254477200000001"
          },
          "sensitive_attributes": [],
          "private": "eyJzY2hlbWFfdmVyc2lvbiI6IjEifQ==",
          "dependencies": [
            "aws_cloudwatch_log_group.this",
            "data.aws_caller_identity.current",
            "module.eventbridge.aws_cloudwatch_event_api_destination.this",
            "module.eventbridge.aws_cloudwatch_event_bus.this",
            "module.eventbridge.aws_cloudwatch_event_connection.this",
            "module.eventbridge.aws_cloudwatch_event_rule.this",
            "module.eventbridge.aws_iam_role.eventbridge",
            "module.eventbridge.data.aws_iam_policy_document.assume_role",
            "module.lambda_function_response.aws_cloudwatch_log_group.lambda",
            "module.lambda_function_response.aws_iam_policy.additional_inline",
            "module.lambda_function_response.aws_iam_policy.additional_json",
            "module.lambda_function_response.aws_iam_policy.additional_jsons",
            "module.lambda_function_response.aws_iam_policy.async",
            "module.lambda_function_response.aws_iam_policy.dead_letter",
            "module.lambda_function_response.aws_iam_policy.logs",
            "module.lambda_function_response.aws_iam_policy.tracing",
            "module.lambda_function_response.aws_iam_policy.vpc",
            "module.lambda_function_response.aws_iam_role.lambda",
            "module.lambda_function_response.aws_iam_role_policy_attachment.additional_inline",
            "module.lambda_function_response.aws_iam_role_policy_attachment.additional_json",
            "module.lambda_function_response.aws_iam_role_policy_attachment.additional_jsons",
            "module.lambda_function_response.aws_iam_role_policy_attachment.additional_many",
            "module.lambda_function_response.aws_iam_role_policy_attachment.additional_one",
            "module.lambda_function_response.aws_iam_role_policy_attachment.async",
            "module.lambda_function_response.aws_iam_role_policy_attachment.dead_letter",
            "module.lambda_function_response.aws_iam_role_policy_attachment.logs",
            "module.lambda_function_response.aws_iam_role_policy_attachment.tracing",
            "module.lambda_function_response.aws_iam_role_policy_attachment.vpc",
            "module.lambda_function_response.aws_lambda_function.this",
            "module.lambda_function_response.aws_s3_object.lambda_package",
            "module.lambda_function_response.data.aws_arn.log_group_arn",
            "module.lambda_function_response.data.aws_cloudwatch_log_group.lambda",
            "module.lambda_function_response.data.aws_iam_policy.tracing",
            "module.lambda_function_response.data.aws_iam_policy.vpc",
            "module.lambda_function_response.data.aws_iam_policy_document.additional_inline",
            "module.lambda_function_response.data.aws_iam_policy_document.assume_role",
            "module.lambda_function_response.data.aws_iam_policy_document.async",
            "module.lambda_function_response.data.aws_iam_policy_document.dead_letter",
            "module.lambda_function_response.data.aws_iam_policy_document.logs",
            "module.lambda_function_response.data.aws_partition.current",
            "module.lambda_function_response.data.external.archive_prepare",
            "module.lambda_function_response.local_file.archive_plan",
            "module.lambda_function_response.null_resource.archive",
            "module.step_function.aws_cloudwatch_log_group.sfn",
            "module.step_function.aws_iam_role.this",
            "module.step_function.aws_sfn_state_machine.this",
            "module.step_function.data.aws_cloudwatch_log_group.sfn",
            "module.step_function.data.aws_iam_policy_document.assume_role",
            "module.step_function.data.aws_region.current",
            "random_pet.this"
          ]
        },
        {
          "index_key": "process-with-sfn",
          "schema_version": 1,
          "attributes": {
            "arn": "arn:aws:states:eu-west-1:425373594208:stateMachine:processor",
            "batch_target": [],
            "dead_letter_config": [],
            "ecs_target": [],
            "event_bus_name": "default",
            "http_target": [],
            "id": "request_to_process_pattern-terraform-20230622162859137800000003",
            "input": "",
            "input_path": "",
            "input_transformer": [],
            "kinesis_target": [],
            "redshift_target": [],
            "retry_policy": [],
            "role_arn": "arn:aws:iam::425373594208:role/default",
            "rule": "request_to_process_pattern",
            "run_command_targets": [],
            "sqs_target": [],
            "target_id": "terraform-20230622162859137800000003"
          },
          "sensitive_attributes": [],
          "private": "eyJzY2hlbWFfdmVyc2lvbiI6IjEifQ==",
          "dependencies": [
            "aws_cloudwatch_log_group.this",
            "data.aws_caller_identity.current",
            "module.eventbridge.aws_cloudwatch_event_api_destination.this",
            "module.eventbridge.aws_cloudwatch_event_bus.this",
            "module.eventbridge.aws_cloudwatch_event_connection.this",
            "module.eventbridge.aws_cloudwatch_event_rule.this",
            "module.eventbridge.aws_iam_role.eventbridge",
            "module.eventbridge.data.aws_iam_policy_document.assume_role",
            "module.lambda_function_response.aws_cloudwatch_log_group.lambda",
            "module.lambda_function_response.aws_iam_policy.additional_inline",
            "module.lambda_function_response.aws_iam_policy.additional_json",
            "module.lambda_function_response.aws_iam_policy.additional_jsons",
            "module.lambda_function_response.aws_iam_policy.async",
            "module.lambda_function_response.aws_iam_policy.dead_letter",
            "module.lambda_function_response.aws_iam_policy.logs",
            "module.lambda_function_response.aws_iam_policy.tracing",
            "module.lambda_function_response.aws_iam_policy.vpc",
            "module.lambda_function_response.aws_iam_role.lambda",
            "module.lambda_function_response.aws_iam_role_policy_attachment.additional_inline",
            "module.lambda_function_response.aws_iam_role_policy_attachment.additional_json",
            "module.lambda_function_response.aws_iam_role_policy_attachment.additional_jsons",
            "module.lambda_function_response.aws_iam_role_policy_attachment.additional_many",
            "module.lambda_function_response.aws_iam_role_policy_attachment.additional_one",
            "module.lambda_function_response.aws_iam_role_policy_attachment.async",
            "module.lambda_function_response.aws_iam_role_policy_attachment.dead_letter",
            "module.lambda_function_response.aws_iam_role_policy_attachment.logs",
            "module.lambda_function_response.aws_iam_role_policy_attachment.tracing",
            "module.lambda_function_response.aws_iam_role_policy_attachment.vpc",
            "module.lambda_function_response.aws_lambda_function.this",
            "module.lambda_function_response.aws_s3_object.lambda_package",
            "module.lambda_function_response.data.aws_arn.log_group_arn",
            "module.lambda_function_response.data.aws_cloudwatch_log_group.lambda",
            "module.lambda_function_response.data.aws_iam_policy.tracing",
            "module.lambda_function_response.data.aws_iam_policy.vpc",
            "module.lambda_function_response.data.aws_iam_policy_document.additional_inline",
            "module.lambda_function_response.data.aws_iam_policy_document.assume_role",
            "module.lambda_function_response.data.aws_iam_policy_document.async",
            "module.lambda_function_response.data.aws_iam_policy_document.dead_letter",
            "module.lambda_function_response.data.aws_iam_policy_document.logs",
            "module.lambda_function_response.data.aws_partition.current",
            "module.lambda_function_response.data.external.archive_prepare",
            "module.lambda_function_response.local_file.archive_plan",
            "module.lambda_function_response.null_resource.archive",
            "module.step_function.aws_cloudwatch_log_group.sfn",
            "module.step_function.aws_iam_role.this",
            "module.step_function.aws_sfn_state_machine.this",
            "module.step_function.data.aws_cloudwatch_log_group.sfn",
            "module.step_function.data.aws_iam_policy_document.assume_role",
            "module.step_function.data.aws_region.current",
            "random_pet.this"
          ]
        },
        {
          "index_key": "something-for-cron",
          "schema_version": 1,
          "attributes": {
            "arn": "arn:aws:lambda:eu-west-1:425373594208:function:lambda-response",
            "batch_target": [],
            "dead_letter_config": [],
            "ecs_target": [],
            "event_bus_name": "default",
            "http_target": [],
            "id": "response_pattern-terraform-20230622124254477300000002",
            "input": "{\"job\":\"crons\"}",
            "input_path": "",
            "input_transformer": [],
            "kinesis_target": [],
            "redshift_target": [],
            "retry_policy": [],
            "role_arn": "",
            "rule": "response_pattern",
            "run_command_targets": [],
            "sqs_target": [],
            "target_id": "terraform-20230622124254477300000002"
          },
          "sensitive_attributes": [],
          "private": "eyJzY2hlbWFfdmVyc2lvbiI6IjEifQ==",
          "dependencies": [
            "aws_cloudwatch_log_group.this",
            "data.aws_caller_identity.current",
            "module.eventbridge.aws_cloudwatch_event_api_destination.this",
            "module.eventbridge.aws_cloudwatch_event_bus.this",
            "module.eventbridge.aws_cloudwatch_event_connection.this",
            "module.eventbridge.aws_cloudwatch_event_rule.this",
            "module.eventbridge.aws_iam_role.eventbridge",
            "module.eventbridge.data.aws_iam_policy_document.assume_role",
            "module.lambda_function_response.aws_cloudwatch_log_group.lambda",
            "module.lambda_function_response.aws_iam_policy.additional_inline",
            "module.lambda_function_response.aws_iam_policy.additional_json",
            "module.lambda_function_response.aws_iam_policy.additional_jsons",
            "module.lambda_function_response.aws_iam_policy.async",
            "module.lambda_function_response.aws_iam_policy.dead_letter",
            "module.lambda_function_response.aws_iam_policy.logs",
            "module.lambda_function_response.aws_iam_policy.tracing",
            "module.lambda_function_response.aws_iam_policy.vpc",
            "module.lambda_function_response.aws_iam_role.lambda",
            "module.lambda_function_response.aws_iam_role_policy_attachment.additional_inline",
            "module.lambda_function_response.aws_iam_role_policy_attachment.additional_json",
            "module.lambda_function_response.aws_iam_role_policy_attachment.additional_jsons",
            "module.lambda_function_response.aws_iam_role_policy_attachment.additional_many",
            "module.lambda_function_response.aws_iam_role_policy_attachment.additional_one",
            "module.lambda_function_response.aws_iam_role_policy_attachment.async",
            "module.lambda_function_response.aws_iam_role_policy_attachment.dead_letter",
            "module.lambda_function_response.aws_iam_role_policy_attachment.logs",
            "module.lambda_function_response.aws_iam_role_policy_attachment.tracing",
            "module.lambda_function_response.aws_iam_role_policy_attachment.vpc",
            "module.lambda_function_response.aws_lambda_function.this",
            "module.lambda_function_response.aws_s3_object.lambda_package",
            "module.lambda_function_response.data.aws_arn.log_group_arn",
            "module.lambda_function_response.data.aws_cloudwatch_log_group.lambda",
            "module.lambda_function_response.data.aws_iam_policy.tracing",
            "module.lambda_function_response.data.aws_iam_policy.vpc",
            "module.lambda_function_response.data.aws_iam_policy_document.additional_inline",
            "module.lambda_function_response.data.aws_iam_policy_document.assume_role",
            "module.lambda_function_response.data.aws_iam_policy_document.async",
            "module.lambda_function_response.data.aws_iam_policy_document.dead_letter",
            "module.lambda_function_response.data.aws_iam_policy_document.logs",
            "module.lambda_function_response.data.aws_partition.current",
            "module.lambda_function_response.data.external.archive_prepare",
            "module.lambda_function_response.local_file.archive_plan",
            "module.lambda_function_response.null_resource.archive",
            "module.step_function.aws_cloudwatch_log_group.sfn",
            "module.step_function.aws_iam_role.this",
            "module.step_function.aws_sfn_state_machine.this",
            "module.step_function.data.aws_cloudwatch_log_group.sfn",
            "module.step_function.data.aws_iam_policy_document.assume_role",
            "module.step_function.data.aws_region.current",
            "random_pet.this"
          ]
        }
      ]
    },
    {
      "module": "module.eventbridge",
      "mode": "managed",
      "type": "aws_iam_policy",
      "name": "additional_inline",
      "provider": "provider[\"registry.terraform.io/hashicorp/aws\"]",
      "instances": [
        {
          "index_key": 0,
          "schema_version": 0,
          "attributes": {
            "arn": "arn:aws:iam::425373594208:policy/default-inline",
            "description": "",
            "id": "arn:aws:iam::425373594208:policy/default-inline",
            "name": "default-inline",
            "name_prefix": "",
            "path": "/",
            "policy": "{\"Statement\":[{\"Action\":[\"s3:HeadObject\",\"s3:GetObject\"],\"Condition\":{\"StringEquals\":{\"aws:PrincipalOrgID\":\"123456789012\"}},\"Effect\":\"Deny\",\"Resource\":\"arn:aws:s3:::my-bucket/*\",\"Sid\":\"s3read\"}],\"Version\":\"2012-10-17\"}",
            "policy_id": "ANPAWGCR56JQF4YNGNCI2",
            "tags": {
              "Name": "default-inline"
            },
            "tags_all": {
              "Name": "default-inline"
            }
          },
          "sensitive_attributes": [],
          "private": "bnVsbA==",
          "dependencies": [
            "module.eventbridge.data.aws_iam_policy_document.additional_inline"
          ]
        }
      ]
    },
    {
      "module": "module.eventbridge",
      "mode": "managed",
      "type": "aws_iam_policy",
      "name": "additional_json",
      "provider": "provider[\"registry.terraform.io/hashicorp/aws\"]",
      "instances": [
        {
          "index_key": 0,
          "schema_version": 0,
          "attributes": {
            "arn": "arn:aws:iam::425373594208:policy/default",
            "description": "",
            "id": "arn:aws:iam::425373594208:policy/default",
            "name": "default",
            "name_prefix": "",
            "path": "/",
            "policy": "{\"Statement\":[{\"Action\":[\"xray:GetSamplingStatisticSummaries\"],\"Effect\":\"Allow\",\"Resource\":[\"*\"]}],\"Version\":\"2012-10-17\"}",
            "policy_id": "ANPAWGCR56JQEAZZYERUG",
            "tags": {
              "Name": "default"
            },
            "tags_all": {
              "Name": "default"
            }
          },
          "sensitive_attributes": [],
          "private": "bnVsbA=="
        }
      ]
    },
    {
      "module": "module.eventbridge",
      "mode": "managed",
      "type": "aws_iam_policy",
      "name": "additional_jsons",
      "provider": "provider[\"registry.terraform.io/hashicorp/aws\"]",
      "instances": [
        {
          "index_key": 0,
          "schema_version": 0,
          "attributes": {
            "arn": "arn:aws:iam::425373594208:policy/default-0",
            "description": "",
            "id": "arn:aws:iam::425373594208:policy/default-0",
            "name": "default-0",
            "name_prefix": "",
            "path": "/",
            "policy": "{\"Statement\":[{\"Action\":[\"xray:*\"],\"Effect\":\"Allow\",\"Resource\":[\"*\"]}],\"Version\":\"2012-10-17\"}",
            "policy_id": "ANPAWGCR56JQMLPHJQTRT",
            "tags": {
              "Name": "default-0"
            },
            "tags_all": {
              "Name": "default-0"
            }
          },
          "sensitive_attributes": [],
          "private": "bnVsbA=="
        }
      ]
    },
    {
      "module": "module.eventbridge",
      "mode": "managed",
      "type": "aws_iam_policy",
      "name": "cloudwatch",
      "provider": "provider[\"registry.terraform.io/hashicorp/aws\"]",
      "instances": [
        {
          "index_key": 0,
          "schema_version": 0,
          "attributes": {
            "arn": "arn:aws:iam::425373594208:policy/default-cloudwatch",
            "description": "",
            "id": "arn:aws:iam::425373594208:policy/default-cloudwatch",
            "name": "default-cloudwatch",
            "name_prefix": "",
            "path": "/",
            "policy": "{\"Statement\":[{\"Action\":[\"logs:PutLogEvents\",\"logs:DescribeLogStreams\",\"logs:DescribeLogGroups\"],\"Effect\":\"Allow\",\"Resource\":\"arn:aws:logs:eu-west-1:425373594208:log-group:/aws/events/united-skink\",\"Sid\":\"CloudwatchAccess\"}],\"Version\":\"2012-10-17\"}",
            "policy_id": "ANPAWGCR56JQJUWJBUJ6M",
            "tags": {
              "Name": "default-cloudwatch"
            },
            "tags_all": {
              "Name": "default-cloudwatch"
            }
          },
          "sensitive_attributes": [],
          "private": "bnVsbA==",
          "dependencies": [
            "aws_cloudwatch_log_group.this",
            "module.eventbridge.data.aws_iam_policy_document.cloudwatch",
            "random_pet.this"
          ]
        }
      ]
    },
    {
      "module": "module.eventbridge",
      "mode": "managed",
      "type": "aws_iam_policy",
      "name": "sfn",
      "provider": "provider[\"registry.terraform.io/hashicorp/aws\"]",
      "instances": [
        {
          "index_key": 0,
          "schema_version": 0,
          "attributes": {
            "arn": "arn:aws:iam::425373594208:policy/default-sfn",
            "description": "",
            "id": "arn:aws:iam::425373594208:policy/default-sfn",
            "name": "default-sfn",
            "name_prefix": "",
            "path": "/",
            "policy": "{\"Statement\":[{\"Action\":\"states:StartExecution\",\"Effect\":\"Allow\",\"Resource\":\"arn:aws:states:eu-west-1:425373594208:stateMachine:processor\",\"Sid\":\"StepFunctionAccess\"}],\"Version\":\"2012-10-17\"}",
            "policy_id": "ANPAWGCR56JQADLEBT262",
            "tags": {
              "Name": "default-sfn"
            },
            "tags_all": {
              "Name": "default-sfn"
            }
          },
          "sensitive_attributes": [],
          "private": "bnVsbA==",
          "dependencies": [
            "module.eventbridge.data.aws_iam_policy_document.sfn",
            "module.step_function.aws_cloudwatch_log_group.sfn",
            "module.step_function.aws_iam_role.this",
            "module.step_function.aws_sfn_state_machine.this",
            "module.step_function.data.aws_cloudwatch_log_group.sfn",
            "module.step_function.data.aws_iam_policy_document.assume_role",
            "module.step_function.data.aws_region.current"
          ]
        }
      ]
    },
    {
      "module": "module.eventbridge",
      "mode": "managed",
      "type": "aws_iam_policy",
      "name": "tracing",
      "provider": "provider[\"registry.terraform.io/hashicorp/aws\"]",
      "instances": [
        {
          "index_key": 0,
          "schema_version": 0,
          "attributes": {
            "arn": "arn:aws:iam::425373594208:policy/default-tracing",
            "description": "",
            "id": "arn:aws:iam::425373594208:policy/default-tracing",
            "name": "default-tracing",
            "name_prefix": "",
            "path": "/",
            "policy": "{\"Statement\":[{\"Action\":[\"xray:PutTraceSegments\",\"xray:PutTelemetryRecords\",\"xray:GetSamplingRules\",\"xray:GetSamplingTargets\",\"xray:GetSamplingStatisticSummaries\"],\"Effect\":\"Allow\",\"Resource\":[\"*\"]}],\"Version\":\"2012-10-17\"}",
            "policy_id": "ANPAWGCR56JQGHRDCCXEE",
            "tags": {
              "Name": "default-tracing"
            },
            "tags_all": {
              "Name": "default-tracing"
            }
          },
          "sensitive_attributes": [],
          "private": "bnVsbA==",
          "dependencies": [
            "module.eventbridge.data.aws_iam_policy.tracing"
          ]
        }
      ]
    },
    {
      "module": "module.eventbridge",
      "mode": "managed",
      "type": "aws_iam_policy_attachment",
      "name": "additional_inline",
      "provider": "provider[\"registry.terraform.io/hashicorp/aws\"]",
      "instances": [
        {
          "index_key": 0,
          "schema_version": 0,
          "attributes": {
            "groups": [],
            "id": "default",
            "name": "default",
            "policy_arn": "arn:aws:iam::425373594208:policy/default-inline",
            "roles": [
              "default"
            ],
            "users": []
          },
          "sensitive_attributes": [],
          "private": "bnVsbA==",
          "dependencies": [
            "module.eventbridge.aws_iam_policy.additional_inline",
            "module.eventbridge.aws_iam_role.eventbridge",
            "module.eventbridge.data.aws_iam_policy_document.additional_inline",
            "module.eventbridge.data.aws_iam_policy_document.assume_role"
          ]
        }
      ]
    },
    {
      "module": "module.eventbridge",
      "mode": "managed",
      "type": "aws_iam_policy_attachment",
      "name": "additional_json",
      "provider": "provider[\"registry.terraform.io/hashicorp/aws\"]",
      "instances": [
        {
          "index_key": 0,
          "schema_version": 0,
          "attributes": {
            "groups": [],
            "id": "default",
            "name": "default",
            "policy_arn": "arn:aws:iam::425373594208:policy/default",
            "roles": [
              "default"
            ],
            "users": []
          },
          "sensitive_attributes": [],
          "private": "bnVsbA==",
          "dependencies": [
            "module.eventbridge.aws_iam_policy.additional_json",
            "module.eventbridge.aws_iam_role.eventbridge",
            "module.eventbridge.data.aws_iam_policy_document.assume_role"
          ]
        }
      ]
    },
    {
      "module": "module.eventbridge",
      "mode": "managed",
      "type": "aws_iam_policy_attachment",
      "name": "additional_jsons",
      "provider": "provider[\"registry.terraform.io/hashicorp/aws\"]",
      "instances": [
        {
          "index_key": 0,
          "schema_version": 0,
          "attributes": {
            "groups": [],
            "id": "default-0",
            "name": "default-0",
            "policy_arn": "arn:aws:iam::425373594208:policy/default-0",
            "roles": [
              "default"
            ],
            "users": []
          },
          "sensitive_attributes": [],
          "private": "bnVsbA==",
          "dependencies": [
            "module.eventbridge.aws_iam_policy.additional_jsons",
            "module.eventbridge.aws_iam_role.eventbridge",
            "module.eventbridge.data.aws_iam_policy_document.assume_role"
          ]
        }
      ]
    },
    {
      "module": "module.eventbridge",
      "mode": "managed",
      "type": "aws_iam_policy_attachment",
      "name": "cloudwatch",
      "provider": "provider[\"registry.terraform.io/hashicorp/aws\"]",
      "instances": [
        {
          "index_key": 0,
          "schema_version": 0,
          "attributes": {
            "groups": [],
            "id": "default-cloudwatch",
            "name": "default-cloudwatch",
            "policy_arn": "arn:aws:iam::425373594208:policy/default-cloudwatch",
            "roles": [
              "default"
            ],
            "users": []
          },
          "sensitive_attributes": [],
          "private": "bnVsbA==",
          "dependencies": [
            "aws_cloudwatch_log_group.this",
            "module.eventbridge.aws_iam_policy.cloudwatch",
            "module.eventbridge.aws_iam_role.eventbridge",
            "module.eventbridge.data.aws_iam_policy_document.assume_role",
            "module.eventbridge.data.aws_iam_policy_document.cloudwatch",
            "random_pet.this"
          ]
        }
      ]
    },
    {
      "module": "module.eventbridge",
      "mode": "managed",
      "type": "aws_iam_policy_attachment",
      "name": "sfn",
      "provider": "provider[\"registry.terraform.io/hashicorp/aws\"]",
      "instances": [
        {
          "index_key": 0,
          "schema_version": 0,
          "attributes": {
            "groups": [],
            "id": "default-sfn",
            "name": "default-sfn",
            "policy_arn": "arn:aws:iam::425373594208:policy/default-sfn",
            "roles": [
              "default"
            ],
            "users": []
          },
          "sensitive_attributes": [],
          "private": "bnVsbA==",
          "dependencies": [
            "module.eventbridge.aws_iam_policy.sfn",
            "module.eventbridge.aws_iam_role.eventbridge",
            "module.eventbridge.data.aws_iam_policy_document.assume_role",
            "module.eventbridge.data.aws_iam_policy_document.sfn",
            "module.step_function.aws_cloudwatch_log_group.sfn",
            "module.step_function.aws_iam_role.this",
            "module.step_function.aws_sfn_state_machine.this",
            "module.step_function.data.aws_cloudwatch_log_group.sfn",
            "module.step_function.data.aws_iam_policy_document.assume_role",
            "module.step_function.data.aws_region.current"
          ]
        }
      ]
    },
    {
      "module": "module.eventbridge",
      "mode": "managed",
      "type": "aws_iam_policy_attachment",
      "name": "tracing",
      "provider": "provider[\"registry.terraform.io/hashicorp/aws\"]",
      "instances": [
        {
          "index_key": 0,
          "schema_version": 0,
          "attributes": {
            "groups": [],
            "id": "default-tracing",
            "name": "default-tracing",
            "policy_arn": "arn:aws:iam::425373594208:policy/default-tracing",
            "roles": [
              "default"
            ],
            "users": []
          },
          "sensitive_attributes": [],
          "private": "bnVsbA==",
          "dependencies": [
            "module.eventbridge.aws_iam_policy.tracing",
            "module.eventbridge.aws_iam_role.eventbridge",
            "module.eventbridge.data.aws_iam_policy.tracing",
            "module.eventbridge.data.aws_iam_policy_document.assume_role"
          ]
        }
      ]
    },
    {
      "module": "module.eventbridge",
      "mode": "managed",
      "type": "aws_iam_role",
      "name": "eventbridge",
      "provider": "provider[\"registry.terraform.io/hashicorp/aws\"]",
      "instances": [
        {
          "index_key": 0,
          "schema_version": 0,
          "attributes": {
            "arn": "arn:aws:iam::425373594208:role/default",
            "assume_role_policy": "{\"Statement\":[{\"Action\":\"sts:AssumeRole\",\"Effect\":\"Allow\",\"Principal\":{\"Service\":\"events.amazonaws.com\"}}],\"Version\":\"2012-10-17\"}",
            "create_date": "2023-06-22T12:16:01Z",
            "description": "",
            "force_detach_policies": true,
            "id": "default",
            "inline_policy": [],
            "managed_policy_arns": [
              "arn:aws:iam::425373594208:policy/default",
              "arn:aws:iam::425373594208:policy/default-0",
              "arn:aws:iam::425373594208:policy/default-cloudwatch",
              "arn:aws:iam::425373594208:policy/default-inline",
              "arn:aws:iam::425373594208:policy/default-sfn",
              "arn:aws:iam::425373594208:policy/default-tracing",
              "arn:aws:iam::aws:policy/AWSXrayReadOnlyAccess"
            ],
            "max_session_duration": 3600,
            "name": "default",
            "name_prefix": "",
            "path": "/",
            "permissions_boundary": null,
            "tags": {
              "Name": "default"
            },
            "tags_all": {
              "Name": "default"
            },
            "unique_id": "AROAWGCR56JQJFFZJ3BFE"
          },
          "sensitive_attributes": [],
          "private": "bnVsbA==",
          "dependencies": [
            "module.eventbridge.data.aws_iam_policy_document.assume_role"
          ]
        }
      ]
    },
    {
      "module": "module.eventbridge",
      "mode": "managed",
      "type": "aws_iam_role_policy_attachment",
      "name": "additional_many",
      "provider": "provider[\"registry.terraform.io/hashicorp/aws\"]",
      "instances": [
        {
          "index_key": 0,
          "schema_version": 0,
          "attributes": {
            "id": "default-20230622121602107000000001",
            "policy_arn": "arn:aws:iam::aws:policy/AWSXrayReadOnlyAccess",
            "role": "default"
          },
          "sensitive_attributes": [],
          "private": "bnVsbA==",
          "dependencies": [
            "module.eventbridge.aws_iam_role.eventbridge",
            "module.eventbridge.data.aws_iam_policy_document.assume_role"
          ]
        }
      ]
    },
    {
      "module": "module.eventbridge",
      "mode": "managed",
      "type": "aws_schemas_discoverer",
      "name": "this",
      "provider": "provider[\"registry.terraform.io/hashicorp/aws\"]",
      "instances": [
        {
          "index_key": 0,
          "schema_version": 0,
          "attributes": {
            "arn": "arn:aws:schemas:eu-west-1:425373594208:discoverer/events-event-bus-default",
            "description": "Auto schemas discoverer event",
            "id": "events-event-bus-default",
            "source_arn": "arn:aws:events:eu-west-1:425373594208:event-bus/default",
            "tags": {},
            "tags_all": {}
          },
          "sensitive_attributes": [],
          "private": "bnVsbA==",
          "dependencies": [
            "module.eventbridge.aws_cloudwatch_event_bus.this",
            "module.eventbridge.data.aws_cloudwatch_event_bus.this"
          ]
        }
      ]
    },
    {
      "module": "module.lambda_function_request",
      "mode": "data",
      "type": "aws_caller_identity",
      "name": "current",
      "provider": "provider[\"registry.terraform.io/hashicorp/aws\"]",
      "instances": [
        {
          "schema_version": 0,
          "attributes": {
            "account_id": "425373594208",
            "arn": "arn:aws:iam::425373594208:user/oleksandr.parkhomenko.1",
            "id": "425373594208",
            "user_id": "AIDAWGCR56JQL7Q3BCWN3"
          },
          "sensitive_attributes": []
        }
      ]
    },
    {
      "module": "module.lambda_function_request",
      "mode": "data",
      "type": "aws_iam_policy_document",
      "name": "additional_inline",
      "provider": "provider[\"registry.terraform.io/hashicorp/aws\"]",
      "instances": [
        {
          "index_key": 0,
          "schema_version": 0,
          "attributes": {
            "id": "1685530344",
            "json": "{\n  \"Version\": \"2012-10-17\",\n  \"Statement\": [\n    {\n      \"Sid\": \"events\",\n      \"Effect\": \"Allow\",\n      \"Action\": \"events:PutEvents\",\n      \"Resource\": \"arn:aws:events:eu-west-1:425373594208:event-bus/*\"\n    },\n    {\n      \"Sid\": \"lambdainvoke\",\n      \"Effect\": \"Allow\",\n      \"Action\": [\n        \"lambda:InvokeFunction\",\n        \"lambda:InvokeAsync\"\n      ],\n      \"Resource\": \"*\"\n    }\n  ]\n}",
            "override_policy_documents": null,
            "policy_id": null,
            "source_policy_documents": null,
            "statement": [
              {
                "actions": [
                  "events:PutEvents"
                ],
                "condition": [],
                "effect": "Allow",
                "not_actions": [],
                "not_principals": [],
                "not_resources": [],
                "principals": [],
                "resources": [
                  "arn:aws:events:eu-west-1:425373594208:event-bus/*"
                ],
                "sid": "events"
              },
              {
                "actions": [
                  "lambda:InvokeAsync",
                  "lambda:InvokeFunction"
                ],
                "condition": [],
                "effect": "Allow",
                "not_actions": [],
                "not_principals": [],
                "not_resources": [],
                "principals": [],
                "resources": [
                  "*"
                ],
                "sid": "lambdainvoke"
              }
            ],
            "version": "2012-10-17"
          },
          "sensitive_attributes": []
        }
      ]
    },
    {
      "module": "module.lambda_function_request",
      "mode": "data",
      "type": "aws_iam_policy_document",
      "name": "assume_role",
      "provider": "provider[\"registry.terraform.io/hashicorp/aws\"]",
      "instances": [
        {
          "index_key": 0,
          "schema_version": 0,
          "attributes": {
            "id": "2690255455",
            "json": "{\n  \"Version\": \"2012-10-17\",\n  \"Statement\": [\n    {\n      \"Effect\": \"Allow\",\n      \"Action\": \"sts:AssumeRole\",\n      \"Principal\": {\n        \"Service\": \"lambda.amazonaws.com\"\n      }\n    }\n  ]\n}",
            "override_policy_documents": null,
            "policy_id": null,
            "source_policy_documents": null,
            "statement": [
              {
                "actions": [
                  "sts:AssumeRole"
                ],
                "condition": [],
                "effect": "Allow",
                "not_actions": [],
                "not_principals": [],
                "not_resources": [],
                "principals": [
                  {
                    "identifiers": [
                      "lambda.amazonaws.com"
                    ],
                    "type": "Service"
                  }
                ],
                "resources": [],
                "sid": ""
              }
            ],
            "version": "2012-10-17"
          },
          "sensitive_attributes": []
        }
      ]
    },
    {
      "module": "module.lambda_function_request",
      "mode": "data",
      "type": "aws_iam_policy_document",
      "name": "logs",
      "provider": "provider[\"registry.terraform.io/hashicorp/aws\"]",
      "instances": [
        {
          "index_key": 0,
          "schema_version": 0,
          "attributes": {
            "id": "1652764802",
            "json": "{\n  \"Version\": \"2012-10-17\",\n  \"Statement\": [\n    {\n      \"Effect\": \"Allow\",\n      \"Action\": [\n        \"logs:PutLogEvents\",\n        \"logs:CreateLogStream\",\n        \"logs:CreateLogGroup\"\n      ],\n      \"Resource\": [\n        \"arn:aws:logs:eu-west-1:425373594208:log-group:/aws/lambda/lambda-request-2:*:*\",\n        \"arn:aws:logs:eu-west-1:425373594208:log-group:/aws/lambda/lambda-request-2:*\"\n      ]\n    }\n  ]\n}",
            "override_policy_documents": null,
            "policy_id": null,
            "source_policy_documents": null,
            "statement": [
              {
                "actions": [
                  "logs:CreateLogGroup",
                  "logs:CreateLogStream",
                  "logs:PutLogEvents"
                ],
                "condition": [],
                "effect": "Allow",
                "not_actions": [],
                "not_principals": [],
                "not_resources": [],
                "principals": [],
                "resources": [
                  "arn:aws:logs:eu-west-1:425373594208:log-group:/aws/lambda/lambda-request-2:*",
                  "arn:aws:logs:eu-west-1:425373594208:log-group:/aws/lambda/lambda-request-2:*:*"
                ],
                "sid": ""
              }
            ],
            "version": "2012-10-17"
          },
          "sensitive_attributes": []
        }
      ]
    },
    {
      "module": "module.lambda_function_request",
      "mode": "data",
      "type": "aws_partition",
      "name": "current",
      "provider": "provider[\"registry.terraform.io/hashicorp/aws\"]",
      "instances": [
        {
          "schema_version": 0,
          "attributes": {
            "dns_suffix": "amazonaws.com",
            "id": "aws",
            "partition": "aws",
            "reverse_dns_prefix": "com.amazonaws"
          },
          "sensitive_attributes": []
        }
      ]
    },
    {
      "module": "module.lambda_function_request",
      "mode": "data",
      "type": "aws_region",
      "name": "current",
      "provider": "provider[\"registry.terraform.io/hashicorp/aws\"]",
      "instances": [
        {
          "schema_version": 0,
          "attributes": {
            "description": "Europe (Ireland)",
            "endpoint": "ec2.eu-west-1.amazonaws.com",
            "id": "eu-west-1",
            "name": "eu-west-1"
          },
          "sensitive_attributes": []
        }
      ]
    },
    {
      "module": "module.lambda_function_request",
      "mode": "data",
      "type": "external",
      "name": "archive_prepare",
      "provider": "provider[\"registry.terraform.io/hashicorp/external\"]",
      "instances": [
        {
          "index_key": 0,
          "schema_version": 0,
          "attributes": {
            "id": "-",
            "program": [
              "python3",
              ".terraform/modules/lambda_function_request/package.py",
              "prepare"
            ],
            "query": {
              "artifacts_dir": "builds",
              "docker": null,
              "hash_extra": "",
              "hash_extra_paths": "[]",
              "paths": "{\"cwd\":\"/Users/aleksandrparkhomenko/projects_all/tutorials/terraform/tf_evenbridge/examples/complete\",\"module\":\".terraform/modules/lambda_function_request\",\"root\":\".\"}",
              "recreate_missing_package": "true",
              "runtime": "python3.8",
              "source_path": "\"./src/lambda-request\""
            },
            "result": {
              "build_plan": "{\"filename\": \"builds/325928bb27c1a668f67f2de06f0378aa5b7ef776bb3873a27594d2cd7ef3abea.zip\", \"runtime\": \"python3.8\", \"artifacts_dir\": \"builds\", \"build_plan\": [[\"zip\", \"./src/lambda-request\", null]]}",
              "build_plan_filename": "builds/325928bb27c1a668f67f2de06f0378aa5b7ef776bb3873a27594d2cd7ef3abea.plan.json",
              "filename": "builds/325928bb27c1a668f67f2de06f0378aa5b7ef776bb3873a27594d2cd7ef3abea.zip",
              "timestamp": "1687445581787125000",
              "was_missing": "false"
            },
            "working_dir": null
          },
          "sensitive_attributes": []
        }
      ]
    },
    {
      "module": "module.lambda_function_request",
      "mode": "managed",
      "type": "aws_cloudwatch_log_group",
      "name": "lambda",
      "provider": "provider[\"registry.terraform.io/hashicorp/aws\"]",
      "instances": [
        {
          "index_key": 0,
          "schema_version": 0,
          "attributes": {
            "arn": "arn:aws:logs:eu-west-1:425373594208:log-group:/aws/lambda/lambda-request-2",
            "id": "/aws/lambda/lambda-request-2",
            "kms_key_id": "",
            "name": "/aws/lambda/lambda-request-2",
            "name_prefix": "",
            "retention_in_days": 0,
            "skip_destroy": false,
            "tags": {},
            "tags_all": {}
          },
          "sensitive_attributes": [],
          "private": "bnVsbA=="
        }
      ]
    },
    {
      "module": "module.lambda_function_request",
      "mode": "managed",
      "type": "aws_iam_policy",
      "name": "additional_inline",
      "provider": "provider[\"registry.terraform.io/hashicorp/aws\"]",
      "instances": [
        {
          "index_key": 0,
          "schema_version": 0,
          "attributes": {
            "arn": "arn:aws:iam::425373594208:policy/lambda-request-2-inline",
            "description": "",
            "id": "arn:aws:iam::425373594208:policy/lambda-request-2-inline",
            "name": "lambda-request-2-inline",
            "name_prefix": "",
            "path": "/",
            "policy": "{\"Statement\":[{\"Action\":\"events:PutEvents\",\"Effect\":\"Allow\",\"Resource\":\"arn:aws:events:eu-west-1:425373594208:event-bus/*\",\"Sid\":\"events\"},{\"Action\":[\"lambda:InvokeFunction\",\"lambda:InvokeAsync\"],\"Effect\":\"Allow\",\"Resource\":\"*\",\"Sid\":\"lambdainvoke\"}],\"Version\":\"2012-10-17\"}",
            "policy_id": "ANPAWGCR56JQJVITIEML3",
            "tags": {},
            "tags_all": {}
          },
          "sensitive_attributes": [],
          "private": "bnVsbA==",
          "dependencies": [
            "data.aws_caller_identity.current",
            "module.lambda_function_request.data.aws_iam_policy_document.additional_inline"
          ]
        }
      ]
    },
    {
      "module": "module.lambda_function_request",
      "mode": "managed",
      "type": "aws_iam_policy",
      "name": "logs",
      "provider": "provider[\"registry.terraform.io/hashicorp/aws\"]",
      "instances": [
        {
          "index_key": 0,
          "schema_version": 0,
          "attributes": {
            "arn": "arn:aws:iam::425373594208:policy/lambda-request-2-logs",
            "description": "",
            "id": "arn:aws:iam::425373594208:policy/lambda-request-2-logs",
            "name": "lambda-request-2-logs",
            "name_prefix": "",
            "path": "/",
            "policy": "{\"Statement\":[{\"Action\":[\"logs:PutLogEvents\",\"logs:CreateLogStream\",\"logs:CreateLogGroup\"],\"Effect\":\"Allow\",\"Resource\":[\"arn:aws:logs:eu-west-1:425373594208:log-group:/aws/lambda/lambda-request-2:*:*\",\"arn:aws:logs:eu-west-1:425373594208:log-group:/aws/lambda/lambda-request-2:*\"]}],\"Version\":\"2012-10-17\"}",
            "policy_id": "ANPAWGCR56JQOCC5ID6ND",
            "tags": {},
            "tags_all": {}
          },
          "sensitive_attributes": [],
          "private": "bnVsbA==",
          "dependencies": [
            "module.lambda_function_request.aws_cloudwatch_log_group.lambda",
            "module.lambda_function_request.data.aws_arn.log_group_arn",
            "module.lambda_function_request.data.aws_cloudwatch_log_group.lambda",
            "module.lambda_function_request.data.aws_iam_policy_document.logs"
          ]
        }
      ]
    },
    {
      "module": "module.lambda_function_request",
      "mode": "managed",
      "type": "aws_iam_role",
      "name": "lambda",
      "provider": "provider[\"registry.terraform.io/hashicorp/aws\"]",
      "instances": [
        {
          "index_key": 0,
          "schema_version": 0,
          "attributes": {
            "arn": "arn:aws:iam::425373594208:role/lambda-request-2",
            "assume_role_policy": "{\"Statement\":[{\"Action\":\"sts:AssumeRole\",\"Effect\":\"Allow\",\"Principal\":{\"Service\":\"lambda.amazonaws.com\"}}],\"Version\":\"2012-10-17\"}",
            "create_date": "2023-06-22T16:29:34Z",
            "description": "",
            "force_detach_policies": true,
            "id": "lambda-request-2",
            "inline_policy": [],
            "managed_policy_arns": [
              "arn:aws:iam::425373594208:policy/lambda-request-2-inline",
              "arn:aws:iam::425373594208:policy/lambda-request-2-logs"
            ],
            "max_session_duration": 3600,
            "name": "lambda-request-2",
            "name_prefix": "",
            "path": "/",
            "permissions_boundary": null,
            "tags": {},
            "tags_all": {},
            "unique_id": "AROAWGCR56JQJPU2W36O4"
          },
          "sensitive_attributes": [],
          "private": "bnVsbA==",
          "dependencies": [
            "module.lambda_function_request.data.aws_iam_policy_document.assume_role"
          ]
        }
      ]
    },
    {
      "module": "module.lambda_function_request",
      "mode": "managed",
      "type": "aws_iam_role_policy_attachment",
      "name": "additional_inline",
      "provider": "provider[\"registry.terraform.io/hashicorp/aws\"]",
      "instances": [
        {
          "index_key": 0,
          "schema_version": 0,
          "attributes": {
            "id": "lambda-request-2-20230622162934938200000001",
            "policy_arn": "arn:aws:iam::425373594208:policy/lambda-request-2-inline",
            "role": "lambda-request-2"
          },
          "sensitive_attributes": [],
          "private": "bnVsbA==",
          "dependencies": [
            "data.aws_caller_identity.current",
            "module.lambda_function_request.aws_iam_policy.additional_inline",
            "module.lambda_function_request.aws_iam_role.lambda",
            "module.lambda_function_request.data.aws_iam_policy_document.additional_inline",
            "module.lambda_function_request.data.aws_iam_policy_document.assume_role"
          ]
        }
      ]
    },
    {
      "module": "module.lambda_function_request",
      "mode": "managed",
      "type": "aws_iam_role_policy_attachment",
      "name": "logs",
      "provider": "provider[\"registry.terraform.io/hashicorp/aws\"]",
      "instances": [
        {
          "index_key": 0,
          "schema_version": 0,
          "attributes": {
            "id": "lambda-request-2-20230622162934970600000002",
            "policy_arn": "arn:aws:iam::425373594208:policy/lambda-request-2-logs",
            "role": "lambda-request-2"
          },
          "sensitive_attributes": [],
          "private": "bnVsbA==",
          "dependencies": [
            "module.lambda_function_request.aws_cloudwatch_log_group.lambda",
            "module.lambda_function_request.aws_iam_policy.logs",
            "module.lambda_function_request.aws_iam_role.lambda",
            "module.lambda_function_request.data.aws_arn.log_group_arn",
            "module.lambda_function_request.data.aws_cloudwatch_log_group.lambda",
            "module.lambda_function_request.data.aws_iam_policy_document.assume_role",
            "module.lambda_function_request.data.aws_iam_policy_document.logs"
          ]
        }
      ]
    },
    {
      "module": "module.lambda_function_request",
      "mode": "managed",
      "type": "aws_lambda_function",
      "name": "this",
      "provider": "provider[\"registry.terraform.io/hashicorp/aws\"]",
      "instances": [
        {
          "index_key": 0,
          "schema_version": 0,
          "attributes": {
            "architectures": [
              "x86_64"
            ],
            "arn": "arn:aws:lambda:eu-west-1:425373594208:function:lambda-request-2",
            "code_signing_config_arn": "",
            "dead_letter_config": [],
            "description": "My awesome lambda function",
            "environment": [],
            "ephemeral_storage": [
              {
                "size": 512
              }
            ],
            "file_system_config": [],
            "filename": "builds/325928bb27c1a668f67f2de06f0378aa5b7ef776bb3873a27594d2cd7ef3abea.zip",
            "function_name": "lambda-request-2",
            "handler": "index.lambda_handler",
            "id": "lambda-request-2",
            "image_config": [],
            "image_uri": "",
            "invoke_arn": "arn:aws:apigateway:eu-west-1:lambda:path/2015-03-31/functions/arn:aws:lambda:eu-west-1:425373594208:function:lambda-request-2/invocations",
            "kms_key_arn": "",
            "last_modified": "2023-06-22T16:29:43.592+0000",
            "layers": [],
            "memory_size": 128,
            "package_type": "Zip",
            "publish": false,
            "qualified_arn": "arn:aws:lambda:eu-west-1:425373594208:function:lambda-request-2:$LATEST",
            "qualified_invoke_arn": "arn:aws:apigateway:eu-west-1:lambda:path/2015-03-31/functions/arn:aws:lambda:eu-west-1:425373594208:function:lambda-request-2:$LATEST/invocations",
            "replace_security_groups_on_destroy": null,
            "replacement_security_group_ids": null,
            "reserved_concurrent_executions": -1,
            "role": "arn:aws:iam::425373594208:role/lambda-request-2",
            "runtime": "python3.8",
            "s3_bucket": null,
            "s3_key": null,
            "s3_object_version": null,
            "signing_job_arn": "",
            "signing_profile_version_arn": "",
            "skip_destroy": false,
            "snap_start": [],
            "source_code_hash": "cFSCsCHOjN3uA6rwTSww6oloG7/NfjUhho/NK9VUc/o=",
            "source_code_size": 376,
            "tags": {},
            "tags_all": {},
            "timeout": 3,
            "timeouts": null,
            "tracing_config": [
              {
                "mode": "PassThrough"
              }
            ],
            "version": "$LATEST",
            "vpc_config": []
          },
          "sensitive_attributes": [],
          "private": "eyJlMmJmYjczMC1lY2FhLTExZTYtOGY4OC0zNDM2M2JjN2M0YzAiOnsiY3JlYXRlIjo2MDAwMDAwMDAwMDAsImRlbGV0ZSI6NjAwMDAwMDAwMDAwLCJ1cGRhdGUiOjYwMDAwMDAwMDAwMH19",
          "dependencies": [
            "data.aws_caller_identity.current",
            "module.lambda_function_request.aws_cloudwatch_log_group.lambda",
            "module.lambda_function_request.aws_iam_policy.additional_inline",
            "module.lambda_function_request.aws_iam_policy.additional_json",
            "module.lambda_function_request.aws_iam_policy.additional_jsons",
            "module.lambda_function_request.aws_iam_policy.async",
            "module.lambda_function_request.aws_iam_policy.dead_letter",
            "module.lambda_function_request.aws_iam_policy.logs",
            "module.lambda_function_request.aws_iam_policy.tracing",
            "module.lambda_function_request.aws_iam_policy.vpc",
            "module.lambda_function_request.aws_iam_role.lambda",
            "module.lambda_function_request.aws_iam_role_policy_attachment.additional_inline",
            "module.lambda_function_request.aws_iam_role_policy_attachment.additional_json",
            "module.lambda_function_request.aws_iam_role_policy_attachment.additional_jsons",
            "module.lambda_function_request.aws_iam_role_policy_attachment.additional_many",
            "module.lambda_function_request.aws_iam_role_policy_attachment.additional_one",
            "module.lambda_function_request.aws_iam_role_policy_attachment.async",
            "module.lambda_function_request.aws_iam_role_policy_attachment.dead_letter",
            "module.lambda_function_request.aws_iam_role_policy_attachment.logs",
            "module.lambda_function_request.aws_iam_role_policy_attachment.tracing",
            "module.lambda_function_request.aws_iam_role_policy_attachment.vpc",
            "module.lambda_function_request.aws_s3_object.lambda_package",
            "module.lambda_function_request.data.aws_arn.log_group_arn",
            "module.lambda_function_request.data.aws_cloudwatch_log_group.lambda",
            "module.lambda_function_request.data.aws_iam_policy.tracing",
            "module.lambda_function_request.data.aws_iam_policy.vpc",
            "module.lambda_function_request.data.aws_iam_policy_document.additional_inline",
            "module.lambda_function_request.data.aws_iam_policy_document.assume_role",
            "module.lambda_function_request.data.aws_iam_policy_document.async",
            "module.lambda_function_request.data.aws_iam_policy_document.dead_letter",
            "module.lambda_function_request.data.aws_iam_policy_document.logs",
            "module.lambda_function_request.data.aws_partition.current",
            "module.lambda_function_request.data.external.archive_prepare",
            "module.lambda_function_request.local_file.archive_plan",
            "module.lambda_function_request.null_resource.archive"
          ]
        }
      ]
    },
    {
      "module": "module.lambda_function_request",
      "mode": "managed",
      "type": "local_file",
      "name": "archive_plan",
      "provider": "provider[\"registry.terraform.io/hashicorp/local\"]",
      "instances": [
        {
          "index_key": 0,
          "schema_version": 0,
          "attributes": {
            "content": "{\"filename\": \"builds/325928bb27c1a668f67f2de06f0378aa5b7ef776bb3873a27594d2cd7ef3abea.zip\", \"runtime\": \"python3.8\", \"artifacts_dir\": \"builds\", \"build_plan\": [[\"zip\", \"./src/lambda-request\", null]]}",
            "content_base64": null,
            "content_base64sha256": "9q6W3d/GKn5dQAd+X+BdFraO8Q3PDKktHiYPoPpNxXc=",
            "content_base64sha512": "o0ET9Kb4o0pSYMou14O2PZ/5UwUIf5bWrin98frsjITqIfYOjgZrGfrx/rz8t7NzxUBjk22iBU9hKDIf3KAdQQ==",
            "content_md5": "294b545984b298e288c4dcbdad03df82",
            "content_sha1": "09eef0b2ce5ddf233d4ea4108d0b70ea56075c3c",
            "content_sha256": "f6ae96dddfc62a7e5d40077e5fe05d16b68ef10dcf0ca92d1e260fa0fa4dc577",
            "content_sha512": "a34113f4a6f8a34a5260ca2ed783b63d9ff95305087f96d6ae29fdf1faec8c84ea21f60e8e066b19faf1febcfcb7b373c54063936da2054f6128321fdca01d41",
            "directory_permission": "0755",
            "file_permission": "0644",
            "filename": "builds/325928bb27c1a668f67f2de06f0378aa5b7ef776bb3873a27594d2cd7ef3abea.plan.json",
            "id": "09eef0b2ce5ddf233d4ea4108d0b70ea56075c3c",
            "sensitive_content": null,
            "source": null
          },
          "sensitive_attributes": [],
          "dependencies": [
            "module.lambda_function_request.data.external.archive_prepare"
          ]
        }
      ]
    },
    {
      "module": "module.lambda_function_request",
      "mode": "managed",
      "type": "null_resource",
      "name": "archive",
      "provider": "provider[\"registry.terraform.io/hashicorp/null\"]",
      "instances": [
        {
          "index_key": 0,
          "schema_version": 0,
          "attributes": {
            "id": "6219062210307343527",
            "triggers": {
              "filename": "builds/325928bb27c1a668f67f2de06f0378aa5b7ef776bb3873a27594d2cd7ef3abea.zip",
              "timestamp": "1687445581787125000"
            }
          },
          "sensitive_attributes": [],
          "dependencies": [
            "module.lambda_function_request.data.external.archive_prepare",
            "module.lambda_function_request.local_file.archive_plan"
          ]
        }
      ]
    },
    {
      "module": "module.lambda_function_request",
      "mode": "managed",
      "type": "null_resource",
      "name": "sam_metadata_aws_lambda_function",
      "provider": "provider[\"registry.terraform.io/hashicorp/null\"]",
      "instances": [
        {
          "index_key": 0,
          "schema_version": 0,
          "attributes": {
            "id": "4468694052804861848",
            "triggers": {
              "built_output_path": "builds/325928bb27c1a668f67f2de06f0378aa5b7ef776bb3873a27594d2cd7ef3abea.zip",
              "original_source_code": "\"./src/lambda-request\"",
              "resource_name": "aws_lambda_function.this[0]",
              "resource_type": "ZIP_LAMBDA_FUNCTION",
              "source_code_property": "path"
            }
          },
          "sensitive_attributes": [],
          "dependencies": [
            "module.lambda_function_request.data.external.archive_prepare",
            "module.lambda_function_request.local_file.archive_plan",
            "module.lambda_function_request.null_resource.archive"
          ]
        }
      ]
    },
    {
      "module": "module.lambda_function_response",
      "mode": "data",
      "type": "aws_caller_identity",
      "name": "current",
      "provider": "provider[\"registry.terraform.io/hashicorp/aws\"]",
      "instances": [
        {
          "schema_version": 0,
          "attributes": {
            "account_id": "425373594208",
            "arn": "arn:aws:iam::425373594208:user/oleksandr.parkhomenko.1",
            "id": "425373594208",
            "user_id": "AIDAWGCR56JQL7Q3BCWN3"
          },
          "sensitive_attributes": []
        }
      ]
    },
    {
      "module": "module.lambda_function_response",
      "mode": "data",
      "type": "aws_iam_policy_document",
      "name": "additional_inline",
      "provider": "provider[\"registry.terraform.io/hashicorp/aws\"]",
      "instances": [
        {
          "index_key": 0,
          "schema_version": 0,
          "attributes": {
            "id": "1685530344",
            "json": "{\n  \"Version\": \"2012-10-17\",\n  \"Statement\": [\n    {\n      \"Sid\": \"events\",\n      \"Effect\": \"Allow\",\n      \"Action\": \"events:PutEvents\",\n      \"Resource\": \"arn:aws:events:eu-west-1:425373594208:event-bus/*\"\n    },\n    {\n      \"Sid\": \"lambdainvoke\",\n      \"Effect\": \"Allow\",\n      \"Action\": [\n        \"lambda:InvokeFunction\",\n        \"lambda:InvokeAsync\"\n      ],\n      \"Resource\": \"*\"\n    }\n  ]\n}",
            "override_policy_documents": null,
            "policy_id": null,
            "source_policy_documents": null,
            "statement": [
              {
                "actions": [
                  "events:PutEvents"
                ],
                "condition": [],
                "effect": "Allow",
                "not_actions": [],
                "not_principals": [],
                "not_resources": [],
                "principals": [],
                "resources": [
                  "arn:aws:events:eu-west-1:425373594208:event-bus/*"
                ],
                "sid": "events"
              },
              {
                "actions": [
                  "lambda:InvokeAsync",
                  "lambda:InvokeFunction"
                ],
                "condition": [],
                "effect": "Allow",
                "not_actions": [],
                "not_principals": [],
                "not_resources": [],
                "principals": [],
                "resources": [
                  "*"
                ],
                "sid": "lambdainvoke"
              }
            ],
            "version": "2012-10-17"
          },
          "sensitive_attributes": []
        }
      ]
    },
    {
      "module": "module.lambda_function_response",
      "mode": "data",
      "type": "aws_iam_policy_document",
      "name": "assume_role",
      "provider": "provider[\"registry.terraform.io/hashicorp/aws\"]",
      "instances": [
        {
          "index_key": 0,
          "schema_version": 0,
          "attributes": {
            "id": "2690255455",
            "json": "{\n  \"Version\": \"2012-10-17\",\n  \"Statement\": [\n    {\n      \"Effect\": \"Allow\",\n      \"Action\": \"sts:AssumeRole\",\n      \"Principal\": {\n        \"Service\": \"lambda.amazonaws.com\"\n      }\n    }\n  ]\n}",
            "override_policy_documents": null,
            "policy_id": null,
            "source_policy_documents": null,
            "statement": [
              {
                "actions": [
                  "sts:AssumeRole"
                ],
                "condition": [],
                "effect": "Allow",
                "not_actions": [],
                "not_principals": [],
                "not_resources": [],
                "principals": [
                  {
                    "identifiers": [
                      "lambda.amazonaws.com"
                    ],
                    "type": "Service"
                  }
                ],
                "resources": [],
                "sid": ""
              }
            ],
            "version": "2012-10-17"
          },
          "sensitive_attributes": []
        }
      ]
    },
    {
      "module": "module.lambda_function_response",
      "mode": "data",
      "type": "aws_iam_policy_document",
      "name": "logs",
      "provider": "provider[\"registry.terraform.io/hashicorp/aws\"]",
      "instances": [
        {
          "index_key": 0,
          "schema_version": 0,
          "attributes": {
            "id": "2395317473",
            "json": "{\n  \"Version\": \"2012-10-17\",\n  \"Statement\": [\n    {\n      \"Effect\": \"Allow\",\n      \"Action\": [\n        \"logs:PutLogEvents\",\n        \"logs:CreateLogStream\",\n        \"logs:CreateLogGroup\"\n      ],\n      \"Resource\": [\n        \"arn:aws:logs:eu-west-1:425373594208:log-group:/aws/lambda/lambda-response:*:*\",\n        \"arn:aws:logs:eu-west-1:425373594208:log-group:/aws/lambda/lambda-response:*\"\n      ]\n    }\n  ]\n}",
            "override_policy_documents": null,
            "policy_id": null,
            "source_policy_documents": null,
            "statement": [
              {
                "actions": [
                  "logs:CreateLogGroup",
                  "logs:CreateLogStream",
                  "logs:PutLogEvents"
                ],
                "condition": [],
                "effect": "Allow",
                "not_actions": [],
                "not_principals": [],
                "not_resources": [],
                "principals": [],
                "resources": [
                  "arn:aws:logs:eu-west-1:425373594208:log-group:/aws/lambda/lambda-response:*",
                  "arn:aws:logs:eu-west-1:425373594208:log-group:/aws/lambda/lambda-response:*:*"
                ],
                "sid": ""
              }
            ],
            "version": "2012-10-17"
          },
          "sensitive_attributes": []
        }
      ]
    },
    {
      "module": "module.lambda_function_response",
      "mode": "data",
      "type": "aws_partition",
      "name": "current",
      "provider": "provider[\"registry.terraform.io/hashicorp/aws\"]",
      "instances": [
        {
          "schema_version": 0,
          "attributes": {
            "dns_suffix": "amazonaws.com",
            "id": "aws",
            "partition": "aws",
            "reverse_dns_prefix": "com.amazonaws"
          },
          "sensitive_attributes": []
        }
      ]
    },
    {
      "module": "module.lambda_function_response",
      "mode": "data",
      "type": "aws_region",
      "name": "current",
      "provider": "provider[\"registry.terraform.io/hashicorp/aws\"]",
      "instances": [
        {
          "schema_version": 0,
          "attributes": {
            "description": "Europe (Ireland)",
            "endpoint": "ec2.eu-west-1.amazonaws.com",
            "id": "eu-west-1",
            "name": "eu-west-1"
          },
          "sensitive_attributes": []
        }
      ]
    },
    {
      "module": "module.lambda_function_response",
      "mode": "data",
      "type": "external",
      "name": "archive_prepare",
      "provider": "provider[\"registry.terraform.io/hashicorp/external\"]",
      "instances": [
        {
          "index_key": 0,
          "schema_version": 0,
          "attributes": {
            "id": "-",
            "program": [
              "python3",
              ".terraform/modules/lambda_function_response/package.py",
              "prepare"
            ],
            "query": {
              "artifacts_dir": "builds",
              "docker": null,
              "hash_extra": "",
              "hash_extra_paths": "[]",
              "paths": "{\"cwd\":\"/Users/aleksandrparkhomenko/projects_all/tutorials/terraform/tf_evenbridge/examples/complete\",\"module\":\".terraform/modules/lambda_function_response\",\"root\":\".\"}",
              "recreate_missing_package": "true",
              "runtime": "python3.8",
              "source_path": "\"./src/lambda-response\""
            },
            "result": {
              "build_plan": "{\"filename\": \"builds/d001f4ec4fcf91936b348ca5158026d6f7f47dbe2c3ee336bf713a2a74b857ff.zip\", \"runtime\": \"python3.8\", \"artifacts_dir\": \"builds\", \"build_plan\": [[\"zip\", \"./src/lambda-response\", null]]}",
              "build_plan_filename": "builds/d001f4ec4fcf91936b348ca5158026d6f7f47dbe2c3ee336bf713a2a74b857ff.plan.json",
              "filename": "builds/d001f4ec4fcf91936b348ca5158026d6f7f47dbe2c3ee336bf713a2a74b857ff.zip",
              "timestamp": "1687451310183192000",
              "was_missing": "false"
            },
            "working_dir": null
          },
          "sensitive_attributes": []
        }
      ]
    },
    {
      "module": "module.lambda_function_response",
      "mode": "managed",
      "type": "aws_cloudwatch_log_group",
      "name": "lambda",
      "provider": "provider[\"registry.terraform.io/hashicorp/aws\"]",
      "instances": [
        {
          "index_key": 0,
          "schema_version": 0,
          "attributes": {
            "arn": "arn:aws:logs:eu-west-1:425373594208:log-group:/aws/lambda/lambda-response",
            "id": "/aws/lambda/lambda-response",
            "kms_key_id": "",
            "name": "/aws/lambda/lambda-response",
            "name_prefix": "",
            "retention_in_days": 0,
            "skip_destroy": false,
            "tags": {},
            "tags_all": {}
          },
          "sensitive_attributes": [],
          "private": "bnVsbA=="
        }
      ]
    },
    {
      "module": "module.lambda_function_response",
      "mode": "managed",
      "type": "aws_iam_policy",
      "name": "additional_inline",
      "provider": "provider[\"registry.terraform.io/hashicorp/aws\"]",
      "instances": [
        {
          "index_key": 0,
          "schema_version": 0,
          "attributes": {
            "arn": "arn:aws:iam::425373594208:policy/lambda-response-inline",
            "description": "",
            "id": "arn:aws:iam::425373594208:policy/lambda-response-inline",
            "name": "lambda-response-inline",
            "name_prefix": "",
            "path": "/",
            "policy": "{\"Statement\":[{\"Action\":\"events:PutEvents\",\"Effect\":\"Allow\",\"Resource\":\"arn:aws:events:eu-west-1:425373594208:event-bus/*\",\"Sid\":\"events\"},{\"Action\":[\"lambda:InvokeFunction\",\"lambda:InvokeAsync\"],\"Effect\":\"Allow\",\"Resource\":\"*\",\"Sid\":\"lambdainvoke\"}],\"Version\":\"2012-10-17\"}",
            "policy_id": "ANPAWGCR56JQCNJEPPTOF",
            "tags": {},
            "tags_all": {}
          },
          "sensitive_attributes": [],
          "private": "bnVsbA==",
          "dependencies": [
            "data.aws_caller_identity.current",
            "module.lambda_function_response.data.aws_iam_policy_document.additional_inline"
          ]
        }
      ]
    },
    {
      "module": "module.lambda_function_response",
      "mode": "managed",
      "type": "aws_iam_policy",
      "name": "logs",
      "provider": "provider[\"registry.terraform.io/hashicorp/aws\"]",
      "instances": [
        {
          "index_key": 0,
          "schema_version": 0,
          "attributes": {
            "arn": "arn:aws:iam::425373594208:policy/lambda-response-logs",
            "description": "",
            "id": "arn:aws:iam::425373594208:policy/lambda-response-logs",
            "name": "lambda-response-logs",
            "name_prefix": "",
            "path": "/",
            "policy": "{\"Statement\":[{\"Action\":[\"logs:PutLogEvents\",\"logs:CreateLogStream\",\"logs:CreateLogGroup\"],\"Effect\":\"Allow\",\"Resource\":[\"arn:aws:logs:eu-west-1:425373594208:log-group:/aws/lambda/lambda-response:*:*\",\"arn:aws:logs:eu-west-1:425373594208:log-group:/aws/lambda/lambda-response:*\"]}],\"Version\":\"2012-10-17\"}",
            "policy_id": "ANPAWGCR56JQPTX3O3V2L",
            "tags": {},
            "tags_all": {}
          },
          "sensitive_attributes": [],
          "private": "bnVsbA==",
          "dependencies": [
            "module.lambda_function_response.aws_cloudwatch_log_group.lambda",
            "module.lambda_function_response.data.aws_arn.log_group_arn",
            "module.lambda_function_response.data.aws_cloudwatch_log_group.lambda",
            "module.lambda_function_response.data.aws_iam_policy_document.logs"
          ]
        }
      ]
    },
    {
      "module": "module.lambda_function_response",
      "mode": "managed",
      "type": "aws_iam_role",
      "name": "lambda",
      "provider": "provider[\"registry.terraform.io/hashicorp/aws\"]",
      "instances": [
        {
          "index_key": 0,
          "schema_version": 0,
          "attributes": {
            "arn": "arn:aws:iam::425373594208:role/lambda-response",
            "assume_role_policy": "{\"Statement\":[{\"Action\":\"sts:AssumeRole\",\"Effect\":\"Allow\",\"Principal\":{\"Service\":\"lambda.amazonaws.com\"}}],\"Version\":\"2012-10-17\"}",
            "create_date": "2023-06-22T16:28:36Z",
            "description": "",
            "force_detach_policies": true,
            "id": "lambda-response",
            "inline_policy": [],
            "managed_policy_arns": [
              "arn:aws:iam::425373594208:policy/lambda-response-inline",
              "arn:aws:iam::425373594208:policy/lambda-response-logs"
            ],
            "max_session_duration": 3600,
            "name": "lambda-response",
            "name_prefix": "",
            "path": "/",
            "permissions_boundary": null,
            "tags": {},
            "tags_all": {},
            "unique_id": "AROAWGCR56JQN4PQOLOBL"
          },
          "sensitive_attributes": [],
          "private": "bnVsbA==",
          "dependencies": [
            "module.lambda_function_response.data.aws_iam_policy_document.assume_role"
          ]
        }
      ]
    },
    {
      "module": "module.lambda_function_response",
      "mode": "managed",
      "type": "aws_iam_role_policy_attachment",
      "name": "additional_inline",
      "provider": "provider[\"registry.terraform.io/hashicorp/aws\"]",
      "instances": [
        {
          "index_key": 0,
          "schema_version": 0,
          "attributes": {
            "id": "lambda-response-20230622162837134500000001",
            "policy_arn": "arn:aws:iam::425373594208:policy/lambda-response-inline",
            "role": "lambda-response"
          },
          "sensitive_attributes": [],
          "private": "bnVsbA==",
          "dependencies": [
            "data.aws_caller_identity.current",
            "module.lambda_function_response.aws_iam_policy.additional_inline",
            "module.lambda_function_response.aws_iam_role.lambda",
            "module.lambda_function_response.data.aws_iam_policy_document.additional_inline",
            "module.lambda_function_response.data.aws_iam_policy_document.assume_role"
          ]
        }
      ]
    },
    {
      "module": "module.lambda_function_response",
      "mode": "managed",
      "type": "aws_iam_role_policy_attachment",
      "name": "logs",
      "provider": "provider[\"registry.terraform.io/hashicorp/aws\"]",
      "instances": [
        {
          "index_key": 0,
          "schema_version": 0,
          "attributes": {
            "id": "lambda-response-20230622162837276900000002",
            "policy_arn": "arn:aws:iam::425373594208:policy/lambda-response-logs",
            "role": "lambda-response"
          },
          "sensitive_attributes": [],
          "private": "bnVsbA==",
          "dependencies": [
            "module.lambda_function_response.aws_cloudwatch_log_group.lambda",
            "module.lambda_function_response.aws_iam_policy.logs",
            "module.lambda_function_response.aws_iam_role.lambda",
            "module.lambda_function_response.data.aws_arn.log_group_arn",
            "module.lambda_function_response.data.aws_cloudwatch_log_group.lambda",
            "module.lambda_function_response.data.aws_iam_policy_document.assume_role",
            "module.lambda_function_response.data.aws_iam_policy_document.logs"
          ]
        }
      ]
    },
    {
      "module": "module.lambda_function_response",
      "mode": "managed",
      "type": "aws_lambda_function",
      "name": "this",
      "provider": "provider[\"registry.terraform.io/hashicorp/aws\"]",
      "instances": [
        {
          "index_key": 0,
          "schema_version": 0,
          "attributes": {
            "architectures": [
              "x86_64"
            ],
            "arn": "arn:aws:lambda:eu-west-1:425373594208:function:lambda-response",
            "code_signing_config_arn": "",
            "dead_letter_config": [],
            "description": "My awesome lambda function",
            "environment": [],
            "ephemeral_storage": [
              {
                "size": 512
              }
            ],
            "file_system_config": [],
            "filename": "builds/d001f4ec4fcf91936b348ca5158026d6f7f47dbe2c3ee336bf713a2a74b857ff.zip",
            "function_name": "lambda-response",
            "handler": "index.lambda_handler",
            "id": "lambda-response",
            "image_config": [],
            "image_uri": "",
            "invoke_arn": "arn:aws:apigateway:eu-west-1:lambda:path/2015-03-31/functions/arn:aws:lambda:eu-west-1:425373594208:function:lambda-response/invocations",
            "kms_key_arn": "",
            "last_modified": "2023-06-22T16:28:53.740+0000",
            "layers": [],
            "memory_size": 128,
            "package_type": "Zip",
            "publish": false,
            "qualified_arn": "arn:aws:lambda:eu-west-1:425373594208:function:lambda-response:$LATEST",
            "qualified_invoke_arn": "arn:aws:apigateway:eu-west-1:lambda:path/2015-03-31/functions/arn:aws:lambda:eu-west-1:425373594208:function:lambda-response:$LATEST/invocations",
            "replace_security_groups_on_destroy": null,
            "replacement_security_group_ids": null,
            "reserved_concurrent_executions": -1,
            "role": "arn:aws:iam::425373594208:role/lambda-response",
            "runtime": "python3.8",
            "s3_bucket": null,
            "s3_key": null,
            "s3_object_version": null,
            "signing_job_arn": "",
            "signing_profile_version_arn": "",
            "skip_destroy": false,
            "snap_start": [],
            "source_code_hash": "EFK/CnSfvaFbUMs5fpNuRcYL6XAUUFehkg+t+uFS/q4=",
            "source_code_size": 167,
            "tags": {},
            "tags_all": {},
            "timeout": 3,
            "timeouts": null,
            "tracing_config": [
              {
                "mode": "PassThrough"
              }
            ],
            "version": "$LATEST",
            "vpc_config": []
          },
          "sensitive_attributes": [],
          "private": "eyJlMmJmYjczMC1lY2FhLTExZTYtOGY4OC0zNDM2M2JjN2M0YzAiOnsiY3JlYXRlIjo2MDAwMDAwMDAwMDAsImRlbGV0ZSI6NjAwMDAwMDAwMDAwLCJ1cGRhdGUiOjYwMDAwMDAwMDAwMH19",
          "dependencies": [
            "data.aws_caller_identity.current",
            "module.lambda_function_response.aws_cloudwatch_log_group.lambda",
            "module.lambda_function_response.aws_iam_policy.additional_inline",
            "module.lambda_function_response.aws_iam_policy.additional_json",
            "module.lambda_function_response.aws_iam_policy.additional_jsons",
            "module.lambda_function_response.aws_iam_policy.async",
            "module.lambda_function_response.aws_iam_policy.dead_letter",
            "module.lambda_function_response.aws_iam_policy.logs",
            "module.lambda_function_response.aws_iam_policy.tracing",
            "module.lambda_function_response.aws_iam_policy.vpc",
            "module.lambda_function_response.aws_iam_role.lambda",
            "module.lambda_function_response.aws_iam_role_policy_attachment.additional_inline",
            "module.lambda_function_response.aws_iam_role_policy_attachment.additional_json",
            "module.lambda_function_response.aws_iam_role_policy_attachment.additional_jsons",
            "module.lambda_function_response.aws_iam_role_policy_attachment.additional_many",
            "module.lambda_function_response.aws_iam_role_policy_attachment.additional_one",
            "module.lambda_function_response.aws_iam_role_policy_attachment.async",
            "module.lambda_function_response.aws_iam_role_policy_attachment.dead_letter",
            "module.lambda_function_response.aws_iam_role_policy_attachment.logs",
            "module.lambda_function_response.aws_iam_role_policy_attachment.tracing",
            "module.lambda_function_response.aws_iam_role_policy_attachment.vpc",
            "module.lambda_function_response.aws_s3_object.lambda_package",
            "module.lambda_function_response.data.aws_arn.log_group_arn",
            "module.lambda_function_response.data.aws_cloudwatch_log_group.lambda",
            "module.lambda_function_response.data.aws_iam_policy.tracing",
            "module.lambda_function_response.data.aws_iam_policy.vpc",
            "module.lambda_function_response.data.aws_iam_policy_document.additional_inline",
            "module.lambda_function_response.data.aws_iam_policy_document.assume_role",
            "module.lambda_function_response.data.aws_iam_policy_document.async",
            "module.lambda_function_response.data.aws_iam_policy_document.dead_letter",
            "module.lambda_function_response.data.aws_iam_policy_document.logs",
            "module.lambda_function_response.data.aws_partition.current",
            "module.lambda_function_response.data.external.archive_prepare",
            "module.lambda_function_response.local_file.archive_plan",
            "module.lambda_function_response.null_resource.archive"
          ]
        }
      ]
    },
    {
      "module": "module.lambda_function_response",
      "mode": "managed",
      "type": "aws_lambda_permission",
      "name": "unqualified_alias_triggers",
      "provider": "provider[\"registry.terraform.io/hashicorp/aws\"]",
      "instances": [
        {
          "index_key": "APIGatewayAny",
          "schema_version": 0,
          "attributes": {
            "action": "lambda:InvokeFunction",
            "event_source_token": null,
            "function_name": "lambda-response",
            "function_url_auth_type": null,
            "id": "APIGatewayAny",
            "principal": "apigateway.amazonaws.com",
            "principal_org_id": null,
            "qualifier": "",
            "source_account": null,
            "source_arn": "arn:aws:execute-api:eu-west-1:425373594208:aqnku8akd0/*/*/*",
            "statement_id": "APIGatewayAny",
            "statement_id_prefix": ""
          },
          "sensitive_attributes": [],
          "private": "bnVsbA==",
          "dependencies": [
            "data.aws_caller_identity.current",
            "module.lambda_function_response.aws_lambda_function.this"
          ]
        },
        {
          "index_key": "OneRule",
          "schema_version": 0,
          "attributes": {
            "action": "lambda:InvokeFunction",
            "event_source_token": null,
            "function_name": "lambda-response",
            "function_url_auth_type": null,
            "id": "OneRule",
            "principal": "events.amazonaws.com",
            "principal_org_id": null,
            "qualifier": "",
            "source_account": null,
            "source_arn": "arn:aws:events:eu-west-1:425373594208:rule/*",
            "statement_id": "OneRule",
            "statement_id_prefix": ""
          },
          "sensitive_attributes": [],
          "private": "bnVsbA==",
          "dependencies": [
            "data.aws_caller_identity.current",
            "module.lambda_function_response.aws_lambda_function.this"
          ]
        }
      ]
    },
    {
      "module": "module.lambda_function_response",
      "mode": "managed",
      "type": "local_file",
      "name": "archive_plan",
      "provider": "provider[\"registry.terraform.io/hashicorp/local\"]",
      "instances": [
        {
          "index_key": 0,
          "schema_version": 0,
          "attributes": {
            "content": "{\"filename\": \"builds/d001f4ec4fcf91936b348ca5158026d6f7f47dbe2c3ee336bf713a2a74b857ff.zip\", \"runtime\": \"python3.8\", \"artifacts_dir\": \"builds\", \"build_plan\": [[\"zip\", \"./src/lambda-response\", null]]}",
            "content_base64": null,
            "content_base64sha256": "K7YRqEc9U5+ShoCm7KeKRhPBxnIuvvm6A737YDFpWqU=",
            "content_base64sha512": "mtD/wY2vdI0X+6wY3Px8o9ULyjE+02Y7qzYR6O0WOn/A5oe+B5lCQtu+k6XddKI9mUR5ta7cYEiro+0mA95DeQ==",
            "content_md5": "75b9448419edd3b835cbdc993956537d",
            "content_sha1": "fb538d160e403911ad57f8469cff8cb65bede459",
            "content_sha256": "2bb611a8473d539f928680a6eca78a4613c1c6722ebef9ba03bdfb6031695aa5",
            "content_sha512": "9ad0ffc18daf748d17fbac18dcfc7ca3d50bca313ed3663bab3611e8ed163a7fc0e687be07994242dbbe93a5dd74a23d994479b5aedc6048aba3ed2603de4379",
            "directory_permission": "0755",
            "file_permission": "0644",
            "filename": "builds/d001f4ec4fcf91936b348ca5158026d6f7f47dbe2c3ee336bf713a2a74b857ff.plan.json",
            "id": "fb538d160e403911ad57f8469cff8cb65bede459",
            "sensitive_content": null,
            "source": null
          },
          "sensitive_attributes": [],
          "dependencies": [
            "module.lambda_function_response.data.external.archive_prepare"
          ]
        }
      ]
    },
    {
      "module": "module.lambda_function_response",
      "mode": "managed",
      "type": "null_resource",
      "name": "archive",
      "provider": "provider[\"registry.terraform.io/hashicorp/null\"]",
      "instances": [
        {
          "index_key": 0,
          "schema_version": 0,
          "attributes": {
            "id": "9072974160391747031",
            "triggers": {
              "filename": "builds/d001f4ec4fcf91936b348ca5158026d6f7f47dbe2c3ee336bf713a2a74b857ff.zip",
              "timestamp": "1687451310183192000"
            }
          },
          "sensitive_attributes": [],
          "dependencies": [
            "module.lambda_function_response.data.external.archive_prepare",
            "module.lambda_function_response.local_file.archive_plan"
          ]
        }
      ]
    },
    {
      "module": "module.lambda_function_response",
      "mode": "managed",
      "type": "null_resource",
      "name": "sam_metadata_aws_lambda_function",
      "provider": "provider[\"registry.terraform.io/hashicorp/null\"]",
      "instances": [
        {
          "index_key": 0,
          "schema_version": 0,
          "attributes": {
            "id": "1245237423691643756",
            "triggers": {
              "built_output_path": "builds/d001f4ec4fcf91936b348ca5158026d6f7f47dbe2c3ee336bf713a2a74b857ff.zip",
              "original_source_code": "\"./src/lambda-response\"",
              "resource_name": "aws_lambda_function.this[0]",
              "resource_type": "ZIP_LAMBDA_FUNCTION",
              "source_code_property": "path"
            }
          },
          "sensitive_attributes": [],
          "dependencies": [
            "module.lambda_function_response.data.external.archive_prepare",
            "module.lambda_function_response.local_file.archive_plan",
            "module.lambda_function_response.null_resource.archive"
          ]
        }
      ]
    },
    {
      "module": "module.step_function",
      "mode": "data",
      "type": "aws_caller_identity",
      "name": "current",
      "provider": "provider[\"registry.terraform.io/hashicorp/aws\"]",
      "instances": [
        {
          "schema_version": 0,
          "attributes": {
            "account_id": "425373594208",
            "arn": "arn:aws:iam::425373594208:user/oleksandr.parkhomenko.1",
            "id": "425373594208",
            "user_id": "AIDAWGCR56JQL7Q3BCWN3"
          },
          "sensitive_attributes": []
        }
      ]
    },
    {
      "module": "module.step_function",
      "mode": "data",
      "type": "aws_iam_policy_document",
      "name": "assume_role",
      "provider": "provider[\"registry.terraform.io/hashicorp/aws\"]",
      "instances": [
        {
          "index_key": 0,
          "schema_version": 0,
          "attributes": {
            "id": "2441729685",
            "json": "{\n  \"Version\": \"2012-10-17\",\n  \"Statement\": [\n    {\n      \"Effect\": \"Allow\",\n      \"Action\": \"sts:AssumeRole\",\n      \"Principal\": {\n        \"Service\": [\n          \"states.eu-west-1.amazonaws.com\",\n          \"events.amazonaws.com\"\n        ]\n      }\n    }\n  ]\n}",
            "override_policy_documents": null,
            "policy_id": null,
            "source_policy_documents": null,
            "statement": [
              {
                "actions": [
                  "sts:AssumeRole"
                ],
                "condition": [],
                "effect": "Allow",
                "not_actions": [],
                "not_principals": [],
                "not_resources": [],
                "principals": [
                  {
                    "identifiers": [
                      "events.amazonaws.com",
                      "states.eu-west-1.amazonaws.com"
                    ],
                    "type": "Service"
                  }
                ],
                "resources": [],
                "sid": ""
              }
            ],
            "version": "2012-10-17"
          },
          "sensitive_attributes": []
        }
      ]
    },
    {
      "module": "module.step_function",
      "mode": "data",
      "type": "aws_iam_policy_document",
      "name": "service",
      "provider": "provider[\"registry.terraform.io/hashicorp/aws\"]",
      "instances": [
        {
          "index_key": "eventbridge",
          "schema_version": 0,
          "attributes": {
            "id": "3955557594",
            "json": "{\n  \"Version\": \"2012-10-17\",\n  \"Statement\": [\n    {\n      \"Sid\": \"eventbridgeEventbridge\",\n      \"Effect\": \"Allow\",\n      \"Action\": \"events:PutEvents\",\n      \"Resource\": \"*\"\n    }\n  ]\n}",
            "override_policy_documents": null,
            "policy_id": null,
            "source_policy_documents": null,
            "statement": [
              {
                "actions": [
                  "events:PutEvents"
                ],
                "condition": [],
                "effect": "Allow",
                "not_actions": [],
                "not_principals": [],
                "not_resources": [],
                "principals": [],
                "resources": [
                  "*"
                ],
                "sid": "eventbridgeEventbridge"
              }
            ],
            "version": "2012-10-17"
          },
          "sensitive_attributes": []
        },
        {
          "index_key": "stepfunction",
          "schema_version": 0,
          "attributes": {
            "id": "1750910548",
            "json": "{\n  \"Version\": \"2012-10-17\",\n  \"Statement\": [\n    {\n      \"Sid\": \"stepfunctionStepfunction\",\n      \"Effect\": \"Allow\",\n      \"Action\": \"states:StartExecution\",\n      \"Resource\": \"*\"\n    }\n  ]\n}",
            "override_policy_documents": null,
            "policy_id": null,
            "source_policy_documents": null,
            "statement": [
              {
                "actions": [
                  "states:StartExecution"
                ],
                "condition": [],
                "effect": "Allow",
                "not_actions": [],
                "not_principals": [],
                "not_resources": [],
                "principals": [],
                "resources": [
                  "*"
                ],
                "sid": "stepfunctionStepfunction"
              }
            ],
            "version": "2012-10-17"
          },
          "sensitive_attributes": []
        }
      ]
    },
    {
      "module": "module.step_function",
      "mode": "data",
      "type": "aws_region",
      "name": "current",
      "provider": "provider[\"registry.terraform.io/hashicorp/aws\"]",
      "instances": [
        {
          "index_key": 0,
          "schema_version": 0,
          "attributes": {
            "description": "Europe (Ireland)",
            "endpoint": "ec2.eu-west-1.amazonaws.com",
            "id": "eu-west-1",
            "name": "eu-west-1"
          },
          "sensitive_attributes": []
        }
      ]
    },
    {
      "module": "module.step_function",
      "mode": "managed",
      "type": "aws_iam_policy",
      "name": "service",
      "provider": "provider[\"registry.terraform.io/hashicorp/aws\"]",
      "instances": [
        {
          "index_key": "eventbridge",
          "schema_version": 0,
          "attributes": {
            "arn": "arn:aws:iam::425373594208:policy/processor-eventbridge",
            "description": "",
            "id": "arn:aws:iam::425373594208:policy/processor-eventbridge",
            "name": "processor-eventbridge",
            "name_prefix": "",
            "path": "/",
            "policy": "{\"Statement\":[{\"Action\":\"events:PutEvents\",\"Effect\":\"Allow\",\"Resource\":\"*\",\"Sid\":\"eventbridgeEventbridge\"}],\"Version\":\"2012-10-17\"}",
            "policy_id": "ANPAWGCR56JQO7DCMWCIJ",
            "tags": {},
            "tags_all": {}
          },
          "sensitive_attributes": [],
          "private": "bnVsbA==",
          "dependencies": [
            "module.step_function.data.aws_caller_identity.current",
            "module.step_function.data.aws_iam_policy_document.service",
            "module.step_function.data.aws_region.current"
          ]
        },
        {
          "index_key": "stepfunction",
          "schema_version": 0,
          "attributes": {
            "arn": "arn:aws:iam::425373594208:policy/processor-stepfunction",
            "description": "",
            "id": "arn:aws:iam::425373594208:policy/processor-stepfunction",
            "name": "processor-stepfunction",
            "name_prefix": "",
            "path": "/",
            "policy": "{\"Statement\":[{\"Action\":\"states:StartExecution\",\"Effect\":\"Allow\",\"Resource\":\"*\",\"Sid\":\"stepfunctionStepfunction\"}],\"Version\":\"2012-10-17\"}",
            "policy_id": "ANPAWGCR56JQOSQA63VAJ",
            "tags": {},
            "tags_all": {}
          },
          "sensitive_attributes": [],
          "private": "bnVsbA==",
          "dependencies": [
            "module.step_function.data.aws_caller_identity.current",
            "module.step_function.data.aws_iam_policy_document.service",
            "module.step_function.data.aws_region.current"
          ]
        }
      ]
    },
    {
      "module": "module.step_function",
      "mode": "managed",
      "type": "aws_iam_policy_attachment",
      "name": "service",
      "provider": "provider[\"registry.terraform.io/hashicorp/aws\"]",
      "instances": [
        {
          "index_key": "eventbridge",
          "schema_version": 0,
          "attributes": {
            "groups": [],
            "id": "processor-eventbridge",
            "name": "processor-eventbridge",
            "policy_arn": "arn:aws:iam::425373594208:policy/processor-eventbridge",
            "roles": [
              "processor"
            ],
            "users": []
          },
          "sensitive_attributes": [],
          "private": "bnVsbA==",
          "dependencies": [
            "module.step_function.aws_iam_policy.service",
            "module.step_function.aws_iam_role.this",
            "module.step_function.data.aws_caller_identity.current",
            "module.step_function.data.aws_iam_policy_document.assume_role",
            "module.step_function.data.aws_iam_policy_document.service",
            "module.step_function.data.aws_region.current"
          ]
        },
        {
          "index_key": "stepfunction",
          "schema_version": 0,
          "attributes": {
            "groups": [],
            "id": "processor-stepfunction",
            "name": "processor-stepfunction",
            "policy_arn": "arn:aws:iam::425373594208:policy/processor-stepfunction",
            "roles": [
              "processor"
            ],
            "users": []
          },
          "sensitive_attributes": [],
          "private": "bnVsbA==",
          "dependencies": [
            "module.step_function.aws_iam_policy.service",
            "module.step_function.aws_iam_role.this",
            "module.step_function.data.aws_caller_identity.current",
            "module.step_function.data.aws_iam_policy_document.assume_role",
            "module.step_function.data.aws_iam_policy_document.service",
            "module.step_function.data.aws_region.current"
          ]
        }
      ]
    },
    {
      "module": "module.step_function",
      "mode": "managed",
      "type": "aws_iam_role",
      "name": "this",
      "provider": "provider[\"registry.terraform.io/hashicorp/aws\"]",
      "instances": [
        {
          "index_key": 0,
          "schema_version": 0,
          "attributes": {
            "arn": "arn:aws:iam::425373594208:role/processor",
            "assume_role_policy": "{\"Statement\":[{\"Action\":\"sts:AssumeRole\",\"Effect\":\"Allow\",\"Principal\":{\"Service\":[\"states.eu-west-1.amazonaws.com\",\"events.amazonaws.com\"]}}],\"Version\":\"2012-10-17\"}",
            "create_date": "2023-06-22T15:20:42Z",
            "description": "",
            "force_detach_policies": true,
            "id": "processor",
            "inline_policy": [],
            "managed_policy_arns": [
              "arn:aws:iam::425373594208:policy/processor-eventbridge",
              "arn:aws:iam::425373594208:policy/processor-stepfunction"
            ],
            "max_session_duration": 3600,
            "name": "processor",
            "name_prefix": "",
            "path": "/",
            "permissions_boundary": null,
            "tags": {},
            "tags_all": {},
            "unique_id": "AROAWGCR56JQBW2MTHL5G"
          },
          "sensitive_attributes": [],
          "private": "bnVsbA==",
          "dependencies": [
            "module.step_function.data.aws_iam_policy_document.assume_role",
            "module.step_function.data.aws_region.current"
          ]
        }
      ]
    },
    {
      "module": "module.step_function",
      "mode": "managed",
      "type": "aws_sfn_state_machine",
      "name": "this",
      "provider": "provider[\"registry.terraform.io/hashicorp/aws\"]",
      "instances": [
        {
          "index_key": 0,
          "schema_version": 0,
          "attributes": {
            "arn": "arn:aws:states:eu-west-1:425373594208:stateMachine:processor",
            "creation_date": "2023-06-22T15:20:43Z",
            "definition": "{\"Comment\":\"Default Step Function\",\"StartAt\":\"PreprocessingData\",\"States\":{\"EventBridge PutEvents\":{\"End\":true,\"Parameters\":{\"Entries\":[{\"Detail\":{\"Message\":\"Hello from Step Functions!\"},\"DetailType\":\"response_to_return\",\"EventBusName\":\"default\",\"Source\":\"user-event\"}]},\"Resource\":\"arn:aws:states:::events:putEvents\",\"Type\":\"Task\"},\"InvokeEndpoint\":{\"Next\":\"EventBridge PutEvents\",\"Type\":\"Pass\"},\"PreprocessingData\":{\"Next\":\"InvokeEndpoint\",\"Result\":\"Hello\",\"Type\":\"Pass\"}}}",
            "id": "arn:aws:states:eu-west-1:425373594208:stateMachine:processor",
            "logging_configuration": [
              {
                "include_execution_data": false,
                "level": "OFF",
                "log_destination": ""
              }
            ],
            "name": "processor",
            "name_prefix": "",
            "role_arn": "arn:aws:iam::425373594208:role/processor",
            "status": "ACTIVE",
            "tags": {
              "Name": "processor"
            },
            "tags_all": {
              "Name": "processor"
            },
            "timeouts": null,
            "tracing_configuration": [
              {
                "enabled": false
              }
            ],
            "type": "STANDARD"
          },
          "sensitive_attributes": [],
          "private": "eyJlMmJmYjczMC1lY2FhLTExZTYtOGY4OC0zNDM2M2JjN2M0YzAiOnsiY3JlYXRlIjozMDAwMDAwMDAwMDAsImRlbGV0ZSI6MzAwMDAwMDAwMDAwLCJ1cGRhdGUiOjYwMDAwMDAwMDAwfX0=",
          "dependencies": [
            "module.step_function.aws_cloudwatch_log_group.sfn",
            "module.step_function.aws_iam_role.this",
            "module.step_function.data.aws_cloudwatch_log_group.sfn",
            "module.step_function.data.aws_iam_policy_document.assume_role",
            "module.step_function.data.aws_region.current"
          ]
        }
      ]
    }
  ],
  "check_results": null
}
